// !$*UTF8*$!
{
	archiveVersion = 1;
	classes = {
	};
	objectVersion = 55;
	objects = {

/* Begin PBXBuildFile section */
		83914B6072D7D2FED30ED495 /* Pods_Vivi.framework in Frameworks */ = {isa = PBXBuildFile; fileRef = 7D9089F03D5FDB8614EC5901 /* Pods_Vivi.framework */; };
		D806903428436912007916DF /* ProfileTabConfigurator.swift in Sources */ = {isa = PBXBuildFile; fileRef = D806903328436912007916DF /* ProfileTabConfigurator.swift */; };
		D80690362843ED66007916DF /* ProjectModel.swift in Sources */ = {isa = PBXBuildFile; fileRef = D80690352843ED66007916DF /* ProjectModel.swift */; };
		D80690382843EFE7007916DF /* FirestoreSavable.swift in Sources */ = {isa = PBXBuildFile; fileRef = D80690372843EFE7007916DF /* FirestoreSavable.swift */; };
		D821F8B02832A84D00C43774 /* ProfilePresenter.swift in Sources */ = {isa = PBXBuildFile; fileRef = D821F8AF2832A84D00C43774 /* ProfilePresenter.swift */; };
		D821F8B22832BE3D00C43774 /* ProfileMenuView.swift in Sources */ = {isa = PBXBuildFile; fileRef = D821F8B12832BE3D00C43774 /* ProfileMenuView.swift */; };
		D823976C28D78B71007BE85F /* FormPresenter.swift in Sources */ = {isa = PBXBuildFile; fileRef = D823976B28D78B71007BE85F /* FormPresenter.swift */; };
		D823976E28D78DF0007BE85F /* FormModel.swift in Sources */ = {isa = PBXBuildFile; fileRef = D823976D28D78DF0007BE85F /* FormModel.swift */; };
		D823977428DA17EE007BE85F /* WebViewController.swift in Sources */ = {isa = PBXBuildFile; fileRef = D823977328DA17EE007BE85F /* WebViewController.swift */; };
		D8262F7B281F2ADB00FA3E76 /* Assets.xcassets in Resources */ = {isa = PBXBuildFile; fileRef = D8262F7A281F2ADB00FA3E76 /* Assets.xcassets */; };
		D8262F86281F2B7F00FA3E76 /* MainTabBarController.swift in Sources */ = {isa = PBXBuildFile; fileRef = D8262F85281F2B7F00FA3E76 /* MainTabBarController.swift */; };
		D8262F8B281F2C7A00FA3E76 /* UIColor + Extensions.swift in Sources */ = {isa = PBXBuildFile; fileRef = D8262F8A281F2C7A00FA3E76 /* UIColor + Extensions.swift */; };
		D8262F8F281F2D6200FA3E76 /* PortfolioViewController.swift in Sources */ = {isa = PBXBuildFile; fileRef = D8262F8E281F2D6200FA3E76 /* PortfolioViewController.swift */; };
		D8262F93281F2D8400FA3E76 /* PortfolioPresenter.swift in Sources */ = {isa = PBXBuildFile; fileRef = D8262F92281F2D8400FA3E76 /* PortfolioPresenter.swift */; };
		D8262F9B281F309900FA3E76 /* ChatsListViewController.swift in Sources */ = {isa = PBXBuildFile; fileRef = D8262F9A281F309900FA3E76 /* ChatsListViewController.swift */; };
		D8262F9D281F30A400FA3E76 /* ChatsListPresenter.swift in Sources */ = {isa = PBXBuildFile; fileRef = D8262F9C281F30A400FA3E76 /* ChatsListPresenter.swift */; };
		D8262FA32820176900FA3E76 /* UIFont + Extensions.swift in Sources */ = {isa = PBXBuildFile; fileRef = D8262FA22820176900FA3E76 /* UIFont + Extensions.swift */; };
		D8262FA528201AE200FA3E76 /* UIViewController + Extensions.swift in Sources */ = {isa = PBXBuildFile; fileRef = D8262FA428201AE200FA3E76 /* UIViewController + Extensions.swift */; };
		D8262FA828201F2A00FA3E76 /* R.generated.swift in Sources */ = {isa = PBXBuildFile; fileRef = D8262FA728201F2A00FA3E76 /* R.generated.swift */; };
		D8262FAC28202B9300FA3E76 /* LaunchViewController.swift in Sources */ = {isa = PBXBuildFile; fileRef = D8262FAB28202B9300FA3E76 /* LaunchViewController.swift */; };
		D8262FAE28202D1D00FA3E76 /* LaunchScreen.storyboard in Resources */ = {isa = PBXBuildFile; fileRef = D8262FAD28202D1D00FA3E76 /* LaunchScreen.storyboard */; };
		D8262FB028202E1D00FA3E76 /* PortfolioExampleView.swift in Sources */ = {isa = PBXBuildFile; fileRef = D8262FAF28202E1D00FA3E76 /* PortfolioExampleView.swift */; };
		D8262FB328202E8200FA3E76 /* ReusableCell.swift in Sources */ = {isa = PBXBuildFile; fileRef = D8262FB228202E8200FA3E76 /* ReusableCell.swift */; };
		D8262FB528202F3900FA3E76 /* UICollectionView + Extensions.swift in Sources */ = {isa = PBXBuildFile; fileRef = D8262FB428202F3900FA3E76 /* UICollectionView + Extensions.swift */; };
		D8262FB82820316900FA3E76 /* PortfolioExampleCell.swift in Sources */ = {isa = PBXBuildFile; fileRef = D8262FB72820316900FA3E76 /* PortfolioExampleCell.swift */; };
		D8262FBA28203A6000FA3E76 /* ServicesView.swift in Sources */ = {isa = PBXBuildFile; fileRef = D8262FB928203A6000FA3E76 /* ServicesView.swift */; };
		D8262FBC28203C5C00FA3E76 /* ServiceCell.swift in Sources */ = {isa = PBXBuildFile; fileRef = D8262FBB28203C5C00FA3E76 /* ServiceCell.swift */; };
		D8262FBE282040A000FA3E76 /* UIView + Extensions.swift in Sources */ = {isa = PBXBuildFile; fileRef = D8262FBD282040A000FA3E76 /* UIView + Extensions.swift */; };
		D82C49912913061100217887 /* TabConfigurator.swift in Sources */ = {isa = PBXBuildFile; fileRef = D82C49902913061100217887 /* TabConfigurator.swift */; };
		D82C499329130AC900217887 /* ChatTabConfigurator.swift in Sources */ = {isa = PBXBuildFile; fileRef = D82C499229130AC900217887 /* ChatTabConfigurator.swift */; };
		D835AC4E284DD39F00F4CEDA /* MessageModel.swift in Sources */ = {isa = PBXBuildFile; fileRef = D835AC4D284DD39F00F4CEDA /* MessageModel.swift */; };
		D83A1AC0288EFD4F0066438B /* ConfirmImageSendingViewController.swift in Sources */ = {isa = PBXBuildFile; fileRef = D83A1ABF288EFD4F0066438B /* ConfirmImageSendingViewController.swift */; };
		D83FFB5D2848B7D900C270DE /* UsersViewController.swift in Sources */ = {isa = PBXBuildFile; fileRef = D83FFB5C2848B7D900C270DE /* UsersViewController.swift */; };
		D83FFB5F2848B81B00C270DE /* UsersPresenter.swift in Sources */ = {isa = PBXBuildFile; fileRef = D83FFB5E2848B81B00C270DE /* UsersPresenter.swift */; };
		D83FFB612848BB2700C270DE /* UserCell.swift in Sources */ = {isa = PBXBuildFile; fileRef = D83FFB602848BB2700C270DE /* UserCell.swift */; };
		D83FFB632849218800C270DE /* UserDetailViewController.swift in Sources */ = {isa = PBXBuildFile; fileRef = D83FFB622849218800C270DE /* UserDetailViewController.swift */; };
		D83FFB652849270B00C270DE /* UserDetailPresenter.swift in Sources */ = {isa = PBXBuildFile; fileRef = D83FFB642849270B00C270DE /* UserDetailPresenter.swift */; };
		D8418E7C2821A8B300163255 /* RegistrationViewController.swift in Sources */ = {isa = PBXBuildFile; fileRef = D8418E7B2821A8B300163255 /* RegistrationViewController.swift */; };
		D8418E7F2821A8C800163255 /* RegistrationPresenter.swift in Sources */ = {isa = PBXBuildFile; fileRef = D8418E7E2821A8C800163255 /* RegistrationPresenter.swift */; };
		D8418E812822EA3A00163255 /* TextFieldType.swift in Sources */ = {isa = PBXBuildFile; fileRef = D8418E802822EA3A00163255 /* TextFieldType.swift */; };
		D850CFDE282BBB9000C41DE7 /* ProfileMenuCell.swift in Sources */ = {isa = PBXBuildFile; fileRef = D850CFDD282BBB9000C41DE7 /* ProfileMenuCell.swift */; };
		D850CFE0282BC8F500C41DE7 /* ApplicationPresenter.swift in Sources */ = {isa = PBXBuildFile; fileRef = D850CFDF282BC8F500C41DE7 /* ApplicationPresenter.swift */; };
		D850CFE2282BCB9300C41DE7 /* ProfileMenuType.swift in Sources */ = {isa = PBXBuildFile; fileRef = D850CFE1282BCB9300C41DE7 /* ProfileMenuType.swift */; };
		D863D095284D02EA00E98E2D /* ProjectDetailViewController.swift in Sources */ = {isa = PBXBuildFile; fileRef = D863D094284D02EA00E98E2D /* ProjectDetailViewController.swift */; };
		D863D097284D02F700E98E2D /* ProjectDetailPresenter.swift in Sources */ = {isa = PBXBuildFile; fileRef = D863D096284D02F700E98E2D /* ProjectDetailPresenter.swift */; };
		D863D099284D2B8400E98E2D /* HeaderRepresentable.swift in Sources */ = {isa = PBXBuildFile; fileRef = D863D098284D2B8400E98E2D /* HeaderRepresentable.swift */; };
		D86A79DC2821130900F45D76 /* ServiceType.swift in Sources */ = {isa = PBXBuildFile; fileRef = D86A79DB2821130900F45D76 /* ServiceType.swift */; };
		D86A79DE28211A3100F45D76 /* MainButton.swift in Sources */ = {isa = PBXBuildFile; fileRef = D86A79DD28211A3100F45D76 /* MainButton.swift */; };
		D86A79E028211A6600F45D76 /* ServiceDetailsViewController.swift in Sources */ = {isa = PBXBuildFile; fileRef = D86A79DF28211A6600F45D76 /* ServiceDetailsViewController.swift */; };
		D86A79E228212AA300F45D76 /* UIImageView + Extensions.swift in Sources */ = {isa = PBXBuildFile; fileRef = D86A79E128212AA300F45D76 /* UIImageView + Extensions.swift */; };
		D86A79E428212EEE00F45D76 /* UIImage + Extensions.swift in Sources */ = {isa = PBXBuildFile; fileRef = D86A79E328212EEE00F45D76 /* UIImage + Extensions.swift */; };
		D86A79E92821598A00F45D76 /* StorageService.swift in Sources */ = {isa = PBXBuildFile; fileRef = D86A79E82821598A00F45D76 /* StorageService.swift */; };
		D86A79ED2821734000F45D76 /* AuthService.swift in Sources */ = {isa = PBXBuildFile; fileRef = D86A79EC2821734000F45D76 /* AuthService.swift */; };
		D86A79F22821740C00F45D76 /* AuthViewController.swift in Sources */ = {isa = PBXBuildFile; fileRef = D86A79F12821740C00F45D76 /* AuthViewController.swift */; };
		D86A79F42821742200F45D76 /* AuthPresenter.swift in Sources */ = {isa = PBXBuildFile; fileRef = D86A79F32821742200F45D76 /* AuthPresenter.swift */; };
		D86A79F628217A0C00F45D76 /* LineTextField.swift in Sources */ = {isa = PBXBuildFile; fileRef = D86A79F528217A0C00F45D76 /* LineTextField.swift */; };
		D86A79F828217B6F00F45D76 /* TextFieldWithLabel.swift in Sources */ = {isa = PBXBuildFile; fileRef = D86A79F728217B6F00F45D76 /* TextFieldWithLabel.swift */; };
		D86A79FA282180F500F45D76 /* PlainLabel.swift in Sources */ = {isa = PBXBuildFile; fileRef = D86A79F9282180F500F45D76 /* PlainLabel.swift */; };
		D86AEE7E2838EC50001BE89F /* TextFieldsStackView.swift in Sources */ = {isa = PBXBuildFile; fileRef = D86AEE7D2838EC50001BE89F /* TextFieldsStackView.swift */; };
		D86AEE802839393B001BE89F /* PersonalInfoView.swift in Sources */ = {isa = PBXBuildFile; fileRef = D86AEE7F2839393B001BE89F /* PersonalInfoView.swift */; };
		D86AEE8228393B54001BE89F /* TextFieldViewModel.swift in Sources */ = {isa = PBXBuildFile; fileRef = D86AEE8128393B54001BE89F /* TextFieldViewModel.swift */; };
		D86AEE87283A253A001BE89F /* TextMenuViewController.swift in Sources */ = {isa = PBXBuildFile; fileRef = D86AEE86283A253A001BE89F /* TextMenuViewController.swift */; };
		D86AEE89283A2544001BE89F /* TextMenuPresenter.swift in Sources */ = {isa = PBXBuildFile; fileRef = D86AEE88283A2544001BE89F /* TextMenuPresenter.swift */; };
		D86AEE8C283A29AF001BE89F /* TextMenuCell.swift in Sources */ = {isa = PBXBuildFile; fileRef = D86AEE8B283A29AF001BE89F /* TextMenuCell.swift */; };
		D86AEE8E283AB56C001BE89F /* DocumentsDetailViewController.swift in Sources */ = {isa = PBXBuildFile; fileRef = D86AEE8D283AB56C001BE89F /* DocumentsDetailViewController.swift */; };
		D86AEE90283BF06A001BE89F /* PhotoGalleryViewController.swift in Sources */ = {isa = PBXBuildFile; fileRef = D86AEE8F283BF06A001BE89F /* PhotoGalleryViewController.swift */; };
		D86AEE92283BF07E001BE89F /* PhotoGalleryPresenter.swift in Sources */ = {isa = PBXBuildFile; fileRef = D86AEE91283BF07E001BE89F /* PhotoGalleryPresenter.swift */; };
		D86AEE94283BFAA7001BE89F /* PhotoGalleryCell.swift in Sources */ = {isa = PBXBuildFile; fileRef = D86AEE93283BFAA7001BE89F /* PhotoGalleryCell.swift */; };
		D8855CB32858F52900CCE65B /* ChatDetailViewController.swift in Sources */ = {isa = PBXBuildFile; fileRef = D8855CB22858F52900CCE65B /* ChatDetailViewController.swift */; };
		D8855CB52858F5EE00CCE65B /* ChatModel.swift in Sources */ = {isa = PBXBuildFile; fileRef = D8855CB42858F5EE00CCE65B /* ChatModel.swift */; };
		D8855CB72858FCCC00CCE65B /* SenderModel.swift in Sources */ = {isa = PBXBuildFile; fileRef = D8855CB62858FCCC00CCE65B /* SenderModel.swift */; };
		D8855CB92858FFE200CCE65B /* Media.swift in Sources */ = {isa = PBXBuildFile; fileRef = D8855CB82858FFE200CCE65B /* Media.swift */; };
		D8855CBB285902C400CCE65B /* ChatDetailsPresenter.swift in Sources */ = {isa = PBXBuildFile; fileRef = D8855CBA285902C400CCE65B /* ChatDetailsPresenter.swift */; };
		D88A0CE22846686D00B02D3E /* NewProjectViewController.swift in Sources */ = {isa = PBXBuildFile; fileRef = D88A0CE12846686D00B02D3E /* NewProjectViewController.swift */; };
		D88A0CE42846703500B02D3E /* ProjectsPresenter.swift in Sources */ = {isa = PBXBuildFile; fileRef = D88A0CE32846703500B02D3E /* ProjectsPresenter.swift */; };
		D88A0CE628467CA200B02D3E /* UISegmentedControl + Extensions.swift in Sources */ = {isa = PBXBuildFile; fileRef = D88A0CE528467CA200B02D3E /* UISegmentedControl + Extensions.swift */; };
		D89F59912875EF6B006876E1 /* TextFieldValidator.swift in Sources */ = {isa = PBXBuildFile; fileRef = D89F59902875EF6B006876E1 /* TextFieldValidator.swift */; };
		D89F59932875F13B006876E1 /* ValidationError.swift in Sources */ = {isa = PBXBuildFile; fileRef = D89F59922875F13B006876E1 /* ValidationError.swift */; };
		D89F59952875F92B006876E1 /* String + Extensions.swift in Sources */ = {isa = PBXBuildFile; fileRef = D89F59942875F92B006876E1 /* String + Extensions.swift */; };
		D8A1494128807E390012367E /* RestorePasswordPresenter.swift in Sources */ = {isa = PBXBuildFile; fileRef = D8A1494028807E390012367E /* RestorePasswordPresenter.swift */; };
		D8A1494328807E8A0012367E /* RestorePasswordViewController.swift in Sources */ = {isa = PBXBuildFile; fileRef = D8A1494228807E8A0012367E /* RestorePasswordViewController.swift */; };
		D8A14945288089820012367E /* SecurityViewController.swift in Sources */ = {isa = PBXBuildFile; fileRef = D8A14944288089820012367E /* SecurityViewController.swift */; };
		D8A14947288089990012367E /* SecurityPresenter.swift in Sources */ = {isa = PBXBuildFile; fileRef = D8A14946288089990012367E /* SecurityPresenter.swift */; };
		D8B27B0E282C285300EDAD23 /* ProfileViewController.swift in Sources */ = {isa = PBXBuildFile; fileRef = D8B27B0D282C285300EDAD23 /* ProfileViewController.swift */; };
		D8B27B10282C38D300EDAD23 /* ProfileHeaderView.swift in Sources */ = {isa = PBXBuildFile; fileRef = D8B27B0F282C38D300EDAD23 /* ProfileHeaderView.swift */; };
		D8BE31CA292AC65200ED4DF4 /* Constants.swift in Sources */ = {isa = PBXBuildFile; fileRef = D8BE31C9292AC65200ED4DF4 /* Constants.swift */; };
		D8BEF6482851199000B675D9 /* NewChatPresenter.swift in Sources */ = {isa = PBXBuildFile; fileRef = D8BEF6472851199000B675D9 /* NewChatPresenter.swift */; };
		D8BEF64A2851199C00B675D9 /* NewChatViewController.swift in Sources */ = {isa = PBXBuildFile; fileRef = D8BEF6492851199C00B675D9 /* NewChatViewController.swift */; };
		D8BEF64D2851318800B675D9 /* ProjectCell.swift in Sources */ = {isa = PBXBuildFile; fileRef = D8BEF64C2851318800B675D9 /* ProjectCell.swift */; };
		D8C4690628AEB96700400096 /* Link.swift in Sources */ = {isa = PBXBuildFile; fileRef = D8C4690528AEB96700400096 /* Link.swift */; };
		D8CC1819291C46FB00FF6A03 /* ChatService.swift in Sources */ = {isa = PBXBuildFile; fileRef = D8CC1818291C46FB00FF6A03 /* ChatService.swift */; };
		D8CC181B291C59DA00FF6A03 /* Errors.swift in Sources */ = {isa = PBXBuildFile; fileRef = D8CC181A291C59D900FF6A03 /* Errors.swift */; };
		D8CC181D291D8E8900FF6A03 /* NSNotification.Name + Extension.swift in Sources */ = {isa = PBXBuildFile; fileRef = D8CC181C291D8E8900FF6A03 /* NSNotification.Name + Extension.swift */; };
		D8CC18292925745400FF6A03 /* SceneDelegate.swift in Sources */ = {isa = PBXBuildFile; fileRef = D8CC18242925745200FF6A03 /* SceneDelegate.swift */; };
		D8CC182A2925745400FF6A03 /* GoogleService-Info.plist in Resources */ = {isa = PBXBuildFile; fileRef = D8CC18252925745200FF6A03 /* GoogleService-Info.plist */; };
		D8CC182C2925745400FF6A03 /* AppDelegate.swift in Sources */ = {isa = PBXBuildFile; fileRef = D8CC18272925745300FF6A03 /* AppDelegate.swift */; };
		D8CC182F292590C400FF6A03 /* SettingsModel.swift in Sources */ = {isa = PBXBuildFile; fileRef = D8CC182E292590C400FF6A03 /* SettingsModel.swift */; };
		D8DA418D28625A96005AFE60 /* ChatCell.swift in Sources */ = {isa = PBXBuildFile; fileRef = D8DA418C28625A96005AFE60 /* ChatCell.swift */; };
		D8DD1573283E9B08006EAA9C /* DetailImageViewController.swift in Sources */ = {isa = PBXBuildFile; fileRef = D8DD1572283E9B08006EAA9C /* DetailImageViewController.swift */; };
		D8DD1575283FEF1C006EAA9C /* ZoomPhotoCell.swift in Sources */ = {isa = PBXBuildFile; fileRef = D8DD1574283FEF1C006EAA9C /* ZoomPhotoCell.swift */; };
		D8DEC039282AC995000A62B8 /* FirestoreService.swift in Sources */ = {isa = PBXBuildFile; fileRef = D8DEC038282AC995000A62B8 /* FirestoreService.swift */; };
		D8DEC03B282ACA3F000A62B8 /* UserModel.swift in Sources */ = {isa = PBXBuildFile; fileRef = D8DEC03A282ACA3F000A62B8 /* UserModel.swift */; };
		D8DEC03D282ACEA6000A62B8 /* UserService.swift in Sources */ = {isa = PBXBuildFile; fileRef = D8DEC03C282ACEA6000A62B8 /* UserService.swift */; };
		D8DEC041282ADEA2000A62B8 /* Completions.swift in Sources */ = {isa = PBXBuildFile; fileRef = D8DEC040282ADEA2000A62B8 /* Completions.swift */; };
		D8E113CE2845E23400CD0B4B /* NewProjectPresenter.swift in Sources */ = {isa = PBXBuildFile; fileRef = D8E113CD2845E23400CD0B4B /* NewProjectPresenter.swift */; };
		D8F46A9A28D5DB9F00CB6479 /* TitleHeader.swift in Sources */ = {isa = PBXBuildFile; fileRef = D8F46A9928D5DB9F00CB6479 /* TitleHeader.swift */; };
		D8F46A9C28D77F2B00CB6479 /* PortfolioExampleDetailPresenter.swift in Sources */ = {isa = PBXBuildFile; fileRef = D8F46A9B28D77F2B00CB6479 /* PortfolioExampleDetailPresenter.swift */; };
		D8F46A9E28D77F7300CB6479 /* PortfolioExampleDetailViewController.swift in Sources */ = {isa = PBXBuildFile; fileRef = D8F46A9D28D77F7300CB6479 /* PortfolioExampleDetailViewController.swift */; };
		D8FEDA5F28BBC76A00CD9901 /* ProjectExample.swift in Sources */ = {isa = PBXBuildFile; fileRef = D8FEDA5E28BBC76A00CD9901 /* ProjectExample.swift */; };
		D8FEDA6328BBCF3F00CD9901 /* PortfolioExamplesViewController.swift in Sources */ = {isa = PBXBuildFile; fileRef = D8FEDA6228BBCF3F00CD9901 /* PortfolioExamplesViewController.swift */; };
		D8FEDA6628BBD16900CD9901 /* PortfolioExamplePresenter.swift in Sources */ = {isa = PBXBuildFile; fileRef = D8FEDA6528BBD16900CD9901 /* PortfolioExamplePresenter.swift */; };
		D8FEDA6828BBD6C800CD9901 /* PortfolioExampleListCell.swift in Sources */ = {isa = PBXBuildFile; fileRef = D8FEDA6728BBD6C800CD9901 /* PortfolioExampleListCell.swift */; };
		D8FEDA6A28BBDBF700CD9901 /* DataStore.swift in Sources */ = {isa = PBXBuildFile; fileRef = D8FEDA6928BBDBF700CD9901 /* DataStore.swift */; };
		D8FEDA6C28BBDE5400CD9901 /* NewExampleViewController.swift in Sources */ = {isa = PBXBuildFile; fileRef = D8FEDA6B28BBDE5400CD9901 /* NewExampleViewController.swift */; };
		D8FEDA6E28BBDF7200CD9901 /* NewExamplePresenter.swift in Sources */ = {isa = PBXBuildFile; fileRef = D8FEDA6D28BBDF7200CD9901 /* NewExamplePresenter.swift */; };
		D8FEDA7728C5100B00CD9901 /* NewExampleCell.swift in Sources */ = {isa = PBXBuildFile; fileRef = D8FEDA7628C5100B00CD9901 /* NewExampleCell.swift */; };
/* End PBXBuildFile section */

/* Begin PBXFileReference section */
		65AD19DA22EFCB7EA22119D4 /* Pods-Vivi.debug.xcconfig */ = {isa = PBXFileReference; includeInIndex = 1; lastKnownFileType = text.xcconfig; name = "Pods-Vivi.debug.xcconfig"; path = "Target Support Files/Pods-Vivi/Pods-Vivi.debug.xcconfig"; sourceTree = "<group>"; };
		7D9089F03D5FDB8614EC5901 /* Pods_Vivi.framework */ = {isa = PBXFileReference; explicitFileType = wrapper.framework; includeInIndex = 0; path = Pods_Vivi.framework; sourceTree = BUILT_PRODUCTS_DIR; };
		B48690AF950970DA87A9FD8B /* Pods-Vivi.release.xcconfig */ = {isa = PBXFileReference; includeInIndex = 1; lastKnownFileType = text.xcconfig; name = "Pods-Vivi.release.xcconfig"; path = "Target Support Files/Pods-Vivi/Pods-Vivi.release.xcconfig"; sourceTree = "<group>"; };
		D806903328436912007916DF /* ProfileTabConfigurator.swift */ = {isa = PBXFileReference; lastKnownFileType = sourcecode.swift; path = ProfileTabConfigurator.swift; sourceTree = "<group>"; };
		D80690352843ED66007916DF /* ProjectModel.swift */ = {isa = PBXFileReference; lastKnownFileType = sourcecode.swift; path = ProjectModel.swift; sourceTree = "<group>"; };
		D80690372843EFE7007916DF /* FirestoreSavable.swift */ = {isa = PBXFileReference; lastKnownFileType = sourcecode.swift; path = FirestoreSavable.swift; sourceTree = "<group>"; };
		D821F8AF2832A84D00C43774 /* ProfilePresenter.swift */ = {isa = PBXFileReference; lastKnownFileType = sourcecode.swift; path = ProfilePresenter.swift; sourceTree = "<group>"; };
		D821F8B12832BE3D00C43774 /* ProfileMenuView.swift */ = {isa = PBXFileReference; fileEncoding = 4; lastKnownFileType = sourcecode.swift; path = ProfileMenuView.swift; sourceTree = "<group>"; };
		D823976B28D78B71007BE85F /* FormPresenter.swift */ = {isa = PBXFileReference; lastKnownFileType = sourcecode.swift; path = FormPresenter.swift; sourceTree = "<group>"; };
		D823976D28D78DF0007BE85F /* FormModel.swift */ = {isa = PBXFileReference; lastKnownFileType = sourcecode.swift; path = FormModel.swift; sourceTree = "<group>"; };
		D823977328DA17EE007BE85F /* WebViewController.swift */ = {isa = PBXFileReference; lastKnownFileType = sourcecode.swift; path = WebViewController.swift; sourceTree = "<group>"; };
		D8262F6E281F2ADB00FA3E76 /* Vivi.app */ = {isa = PBXFileReference; explicitFileType = wrapper.application; includeInIndex = 0; path = Vivi.app; sourceTree = BUILT_PRODUCTS_DIR; };
		D8262F7A281F2ADB00FA3E76 /* Assets.xcassets */ = {isa = PBXFileReference; lastKnownFileType = folder.assetcatalog; path = Assets.xcassets; sourceTree = "<group>"; };
		D8262F7F281F2ADB00FA3E76 /* Info.plist */ = {isa = PBXFileReference; lastKnownFileType = text.plist.xml; path = Info.plist; sourceTree = "<group>"; };
		D8262F85281F2B7F00FA3E76 /* MainTabBarController.swift */ = {isa = PBXFileReference; lastKnownFileType = sourcecode.swift; path = MainTabBarController.swift; sourceTree = "<group>"; };
		D8262F8A281F2C7A00FA3E76 /* UIColor + Extensions.swift */ = {isa = PBXFileReference; lastKnownFileType = sourcecode.swift; path = "UIColor + Extensions.swift"; sourceTree = "<group>"; };
		D8262F8E281F2D6200FA3E76 /* PortfolioViewController.swift */ = {isa = PBXFileReference; lastKnownFileType = sourcecode.swift; path = PortfolioViewController.swift; sourceTree = "<group>"; };
		D8262F92281F2D8400FA3E76 /* PortfolioPresenter.swift */ = {isa = PBXFileReference; lastKnownFileType = sourcecode.swift; path = PortfolioPresenter.swift; sourceTree = "<group>"; };
		D8262F9A281F309900FA3E76 /* ChatsListViewController.swift */ = {isa = PBXFileReference; lastKnownFileType = sourcecode.swift; path = ChatsListViewController.swift; sourceTree = "<group>"; };
		D8262F9C281F30A400FA3E76 /* ChatsListPresenter.swift */ = {isa = PBXFileReference; lastKnownFileType = sourcecode.swift; path = ChatsListPresenter.swift; sourceTree = "<group>"; };
		D8262FA22820176900FA3E76 /* UIFont + Extensions.swift */ = {isa = PBXFileReference; lastKnownFileType = sourcecode.swift; path = "UIFont + Extensions.swift"; sourceTree = "<group>"; };
		D8262FA428201AE200FA3E76 /* UIViewController + Extensions.swift */ = {isa = PBXFileReference; lastKnownFileType = sourcecode.swift; path = "UIViewController + Extensions.swift"; sourceTree = "<group>"; };
		D8262FA728201F2A00FA3E76 /* R.generated.swift */ = {isa = PBXFileReference; fileEncoding = 4; lastKnownFileType = sourcecode.swift; path = R.generated.swift; sourceTree = SOURCE_ROOT; };
		D8262FAB28202B9300FA3E76 /* LaunchViewController.swift */ = {isa = PBXFileReference; lastKnownFileType = sourcecode.swift; path = LaunchViewController.swift; sourceTree = "<group>"; };
		D8262FAD28202D1D00FA3E76 /* LaunchScreen.storyboard */ = {isa = PBXFileReference; fileEncoding = 4; lastKnownFileType = file.storyboard; path = LaunchScreen.storyboard; sourceTree = "<group>"; };
		D8262FAF28202E1D00FA3E76 /* PortfolioExampleView.swift */ = {isa = PBXFileReference; lastKnownFileType = sourcecode.swift; path = PortfolioExampleView.swift; sourceTree = "<group>"; };
		D8262FB228202E8200FA3E76 /* ReusableCell.swift */ = {isa = PBXFileReference; lastKnownFileType = sourcecode.swift; path = ReusableCell.swift; sourceTree = "<group>"; };
		D8262FB428202F3900FA3E76 /* UICollectionView + Extensions.swift */ = {isa = PBXFileReference; lastKnownFileType = sourcecode.swift; path = "UICollectionView + Extensions.swift"; sourceTree = "<group>"; };
		D8262FB72820316900FA3E76 /* PortfolioExampleCell.swift */ = {isa = PBXFileReference; lastKnownFileType = sourcecode.swift; path = PortfolioExampleCell.swift; sourceTree = "<group>"; };
		D8262FB928203A6000FA3E76 /* ServicesView.swift */ = {isa = PBXFileReference; lastKnownFileType = sourcecode.swift; path = ServicesView.swift; sourceTree = "<group>"; };
		D8262FBB28203C5C00FA3E76 /* ServiceCell.swift */ = {isa = PBXFileReference; lastKnownFileType = sourcecode.swift; path = ServiceCell.swift; sourceTree = "<group>"; };
		D8262FBD282040A000FA3E76 /* UIView + Extensions.swift */ = {isa = PBXFileReference; lastKnownFileType = sourcecode.swift; path = "UIView + Extensions.swift"; sourceTree = "<group>"; };
		D82C49902913061100217887 /* TabConfigurator.swift */ = {isa = PBXFileReference; lastKnownFileType = sourcecode.swift; path = TabConfigurator.swift; sourceTree = "<group>"; };
		D82C499229130AC900217887 /* ChatTabConfigurator.swift */ = {isa = PBXFileReference; lastKnownFileType = sourcecode.swift; path = ChatTabConfigurator.swift; sourceTree = "<group>"; };
		D835AC4D284DD39F00F4CEDA /* MessageModel.swift */ = {isa = PBXFileReference; lastKnownFileType = sourcecode.swift; path = MessageModel.swift; sourceTree = "<group>"; };
		D83A1ABF288EFD4F0066438B /* ConfirmImageSendingViewController.swift */ = {isa = PBXFileReference; lastKnownFileType = sourcecode.swift; path = ConfirmImageSendingViewController.swift; sourceTree = "<group>"; };
		D83FFB5C2848B7D900C270DE /* UsersViewController.swift */ = {isa = PBXFileReference; lastKnownFileType = sourcecode.swift; path = UsersViewController.swift; sourceTree = "<group>"; };
		D83FFB5E2848B81B00C270DE /* UsersPresenter.swift */ = {isa = PBXFileReference; lastKnownFileType = sourcecode.swift; path = UsersPresenter.swift; sourceTree = "<group>"; };
		D83FFB602848BB2700C270DE /* UserCell.swift */ = {isa = PBXFileReference; lastKnownFileType = sourcecode.swift; path = UserCell.swift; sourceTree = "<group>"; };
		D83FFB622849218800C270DE /* UserDetailViewController.swift */ = {isa = PBXFileReference; lastKnownFileType = sourcecode.swift; path = UserDetailViewController.swift; sourceTree = "<group>"; };
		D83FFB642849270B00C270DE /* UserDetailPresenter.swift */ = {isa = PBXFileReference; lastKnownFileType = sourcecode.swift; path = UserDetailPresenter.swift; sourceTree = "<group>"; };
		D8418E7B2821A8B300163255 /* RegistrationViewController.swift */ = {isa = PBXFileReference; lastKnownFileType = sourcecode.swift; path = RegistrationViewController.swift; sourceTree = "<group>"; };
		D8418E7E2821A8C800163255 /* RegistrationPresenter.swift */ = {isa = PBXFileReference; lastKnownFileType = sourcecode.swift; path = RegistrationPresenter.swift; sourceTree = "<group>"; };
		D8418E802822EA3A00163255 /* TextFieldType.swift */ = {isa = PBXFileReference; lastKnownFileType = sourcecode.swift; path = TextFieldType.swift; sourceTree = "<group>"; };
		D850CFDD282BBB9000C41DE7 /* ProfileMenuCell.swift */ = {isa = PBXFileReference; lastKnownFileType = sourcecode.swift; path = ProfileMenuCell.swift; sourceTree = "<group>"; };
		D850CFDF282BC8F500C41DE7 /* ApplicationPresenter.swift */ = {isa = PBXFileReference; lastKnownFileType = sourcecode.swift; path = ApplicationPresenter.swift; sourceTree = "<group>"; };
		D850CFE1282BCB9300C41DE7 /* ProfileMenuType.swift */ = {isa = PBXFileReference; lastKnownFileType = sourcecode.swift; path = ProfileMenuType.swift; sourceTree = "<group>"; };
		D863D094284D02EA00E98E2D /* ProjectDetailViewController.swift */ = {isa = PBXFileReference; lastKnownFileType = sourcecode.swift; path = ProjectDetailViewController.swift; sourceTree = "<group>"; };
		D863D096284D02F700E98E2D /* ProjectDetailPresenter.swift */ = {isa = PBXFileReference; lastKnownFileType = sourcecode.swift; path = ProjectDetailPresenter.swift; sourceTree = "<group>"; };
		D863D098284D2B8400E98E2D /* HeaderRepresentable.swift */ = {isa = PBXFileReference; lastKnownFileType = sourcecode.swift; path = HeaderRepresentable.swift; sourceTree = "<group>"; };
		D86A79DB2821130900F45D76 /* ServiceType.swift */ = {isa = PBXFileReference; lastKnownFileType = sourcecode.swift; path = ServiceType.swift; sourceTree = "<group>"; };
		D86A79DD28211A3100F45D76 /* MainButton.swift */ = {isa = PBXFileReference; lastKnownFileType = sourcecode.swift; path = MainButton.swift; sourceTree = "<group>"; };
		D86A79DF28211A6600F45D76 /* ServiceDetailsViewController.swift */ = {isa = PBXFileReference; lastKnownFileType = sourcecode.swift; path = ServiceDetailsViewController.swift; sourceTree = "<group>"; };
		D86A79E128212AA300F45D76 /* UIImageView + Extensions.swift */ = {isa = PBXFileReference; lastKnownFileType = sourcecode.swift; path = "UIImageView + Extensions.swift"; sourceTree = "<group>"; };
		D86A79E328212EEE00F45D76 /* UIImage + Extensions.swift */ = {isa = PBXFileReference; lastKnownFileType = sourcecode.swift; path = "UIImage + Extensions.swift"; sourceTree = "<group>"; };
		D86A79E82821598A00F45D76 /* StorageService.swift */ = {isa = PBXFileReference; lastKnownFileType = sourcecode.swift; path = StorageService.swift; sourceTree = "<group>"; };
		D86A79EC2821734000F45D76 /* AuthService.swift */ = {isa = PBXFileReference; lastKnownFileType = sourcecode.swift; path = AuthService.swift; sourceTree = "<group>"; };
		D86A79F12821740C00F45D76 /* AuthViewController.swift */ = {isa = PBXFileReference; lastKnownFileType = sourcecode.swift; path = AuthViewController.swift; sourceTree = "<group>"; };
		D86A79F32821742200F45D76 /* AuthPresenter.swift */ = {isa = PBXFileReference; lastKnownFileType = sourcecode.swift; path = AuthPresenter.swift; sourceTree = "<group>"; };
		D86A79F528217A0C00F45D76 /* LineTextField.swift */ = {isa = PBXFileReference; lastKnownFileType = sourcecode.swift; path = LineTextField.swift; sourceTree = "<group>"; };
		D86A79F728217B6F00F45D76 /* TextFieldWithLabel.swift */ = {isa = PBXFileReference; lastKnownFileType = sourcecode.swift; path = TextFieldWithLabel.swift; sourceTree = "<group>"; };
		D86A79F9282180F500F45D76 /* PlainLabel.swift */ = {isa = PBXFileReference; lastKnownFileType = sourcecode.swift; path = PlainLabel.swift; sourceTree = "<group>"; };
		D86AEE7D2838EC50001BE89F /* TextFieldsStackView.swift */ = {isa = PBXFileReference; lastKnownFileType = sourcecode.swift; path = TextFieldsStackView.swift; sourceTree = "<group>"; };
		D86AEE7F2839393B001BE89F /* PersonalInfoView.swift */ = {isa = PBXFileReference; lastKnownFileType = sourcecode.swift; path = PersonalInfoView.swift; sourceTree = "<group>"; };
		D86AEE8128393B54001BE89F /* TextFieldViewModel.swift */ = {isa = PBXFileReference; lastKnownFileType = sourcecode.swift; path = TextFieldViewModel.swift; sourceTree = "<group>"; };
		D86AEE86283A253A001BE89F /* TextMenuViewController.swift */ = {isa = PBXFileReference; lastKnownFileType = sourcecode.swift; path = TextMenuViewController.swift; sourceTree = "<group>"; };
		D86AEE88283A2544001BE89F /* TextMenuPresenter.swift */ = {isa = PBXFileReference; lastKnownFileType = sourcecode.swift; path = TextMenuPresenter.swift; sourceTree = "<group>"; };
		D86AEE8B283A29AF001BE89F /* TextMenuCell.swift */ = {isa = PBXFileReference; lastKnownFileType = sourcecode.swift; path = TextMenuCell.swift; sourceTree = "<group>"; };
		D86AEE8D283AB56C001BE89F /* DocumentsDetailViewController.swift */ = {isa = PBXFileReference; lastKnownFileType = sourcecode.swift; path = DocumentsDetailViewController.swift; sourceTree = "<group>"; };
		D86AEE8F283BF06A001BE89F /* PhotoGalleryViewController.swift */ = {isa = PBXFileReference; lastKnownFileType = sourcecode.swift; path = PhotoGalleryViewController.swift; sourceTree = "<group>"; };
		D86AEE91283BF07E001BE89F /* PhotoGalleryPresenter.swift */ = {isa = PBXFileReference; lastKnownFileType = sourcecode.swift; path = PhotoGalleryPresenter.swift; sourceTree = "<group>"; };
		D86AEE93283BFAA7001BE89F /* PhotoGalleryCell.swift */ = {isa = PBXFileReference; lastKnownFileType = sourcecode.swift; path = PhotoGalleryCell.swift; sourceTree = "<group>"; };
		D8855CB22858F52900CCE65B /* ChatDetailViewController.swift */ = {isa = PBXFileReference; lastKnownFileType = sourcecode.swift; path = ChatDetailViewController.swift; sourceTree = "<group>"; };
		D8855CB42858F5EE00CCE65B /* ChatModel.swift */ = {isa = PBXFileReference; lastKnownFileType = sourcecode.swift; path = ChatModel.swift; sourceTree = "<group>"; };
		D8855CB62858FCCC00CCE65B /* SenderModel.swift */ = {isa = PBXFileReference; lastKnownFileType = sourcecode.swift; path = SenderModel.swift; sourceTree = "<group>"; };
		D8855CB82858FFE200CCE65B /* Media.swift */ = {isa = PBXFileReference; lastKnownFileType = sourcecode.swift; path = Media.swift; sourceTree = "<group>"; };
		D8855CBA285902C400CCE65B /* ChatDetailsPresenter.swift */ = {isa = PBXFileReference; lastKnownFileType = sourcecode.swift; path = ChatDetailsPresenter.swift; sourceTree = "<group>"; };
		D88A0CE12846686D00B02D3E /* NewProjectViewController.swift */ = {isa = PBXFileReference; lastKnownFileType = sourcecode.swift; path = NewProjectViewController.swift; sourceTree = "<group>"; };
		D88A0CE32846703500B02D3E /* ProjectsPresenter.swift */ = {isa = PBXFileReference; lastKnownFileType = sourcecode.swift; path = ProjectsPresenter.swift; sourceTree = "<group>"; };
		D88A0CE528467CA200B02D3E /* UISegmentedControl + Extensions.swift */ = {isa = PBXFileReference; lastKnownFileType = sourcecode.swift; path = "UISegmentedControl + Extensions.swift"; sourceTree = "<group>"; };
		D89F59902875EF6B006876E1 /* TextFieldValidator.swift */ = {isa = PBXFileReference; lastKnownFileType = sourcecode.swift; path = TextFieldValidator.swift; sourceTree = "<group>"; };
		D89F59922875F13B006876E1 /* ValidationError.swift */ = {isa = PBXFileReference; lastKnownFileType = sourcecode.swift; path = ValidationError.swift; sourceTree = "<group>"; };
		D89F59942875F92B006876E1 /* String + Extensions.swift */ = {isa = PBXFileReference; lastKnownFileType = sourcecode.swift; path = "String + Extensions.swift"; sourceTree = "<group>"; };
		D8A1494028807E390012367E /* RestorePasswordPresenter.swift */ = {isa = PBXFileReference; lastKnownFileType = sourcecode.swift; path = RestorePasswordPresenter.swift; sourceTree = "<group>"; };
		D8A1494228807E8A0012367E /* RestorePasswordViewController.swift */ = {isa = PBXFileReference; lastKnownFileType = sourcecode.swift; path = RestorePasswordViewController.swift; sourceTree = "<group>"; };
		D8A14944288089820012367E /* SecurityViewController.swift */ = {isa = PBXFileReference; lastKnownFileType = sourcecode.swift; path = SecurityViewController.swift; sourceTree = "<group>"; };
		D8A14946288089990012367E /* SecurityPresenter.swift */ = {isa = PBXFileReference; lastKnownFileType = sourcecode.swift; path = SecurityPresenter.swift; sourceTree = "<group>"; };
		D8B27B0D282C285300EDAD23 /* ProfileViewController.swift */ = {isa = PBXFileReference; lastKnownFileType = sourcecode.swift; path = ProfileViewController.swift; sourceTree = "<group>"; };
		D8B27B0F282C38D300EDAD23 /* ProfileHeaderView.swift */ = {isa = PBXFileReference; lastKnownFileType = sourcecode.swift; path = ProfileHeaderView.swift; sourceTree = "<group>"; };
		D8BE31C9292AC65200ED4DF4 /* Constants.swift */ = {isa = PBXFileReference; lastKnownFileType = sourcecode.swift; path = Constants.swift; sourceTree = "<group>"; };
		D8BEF6472851199000B675D9 /* NewChatPresenter.swift */ = {isa = PBXFileReference; lastKnownFileType = sourcecode.swift; path = NewChatPresenter.swift; sourceTree = "<group>"; };
		D8BEF6492851199C00B675D9 /* NewChatViewController.swift */ = {isa = PBXFileReference; lastKnownFileType = sourcecode.swift; path = NewChatViewController.swift; sourceTree = "<group>"; };
		D8BEF64C2851318800B675D9 /* ProjectCell.swift */ = {isa = PBXFileReference; lastKnownFileType = sourcecode.swift; path = ProjectCell.swift; sourceTree = "<group>"; };
		D8C4690528AEB96700400096 /* Link.swift */ = {isa = PBXFileReference; lastKnownFileType = sourcecode.swift; path = Link.swift; sourceTree = "<group>"; };
		D8CC1818291C46FB00FF6A03 /* ChatService.swift */ = {isa = PBXFileReference; lastKnownFileType = sourcecode.swift; path = ChatService.swift; sourceTree = "<group>"; };
		D8CC181A291C59D900FF6A03 /* Errors.swift */ = {isa = PBXFileReference; lastKnownFileType = sourcecode.swift; path = Errors.swift; sourceTree = "<group>"; };
		D8CC181C291D8E8900FF6A03 /* NSNotification.Name + Extension.swift */ = {isa = PBXFileReference; lastKnownFileType = sourcecode.swift; path = "NSNotification.Name + Extension.swift"; sourceTree = "<group>"; };
		D8CC18242925745200FF6A03 /* SceneDelegate.swift */ = {isa = PBXFileReference; fileEncoding = 4; lastKnownFileType = sourcecode.swift; path = SceneDelegate.swift; sourceTree = "<group>"; };
		D8CC18252925745200FF6A03 /* GoogleService-Info.plist */ = {isa = PBXFileReference; fileEncoding = 4; lastKnownFileType = text.plist.xml; path = "GoogleService-Info.plist"; sourceTree = "<group>"; };
		D8CC18272925745300FF6A03 /* AppDelegate.swift */ = {isa = PBXFileReference; fileEncoding = 4; lastKnownFileType = sourcecode.swift; path = AppDelegate.swift; sourceTree = "<group>"; };
		D8CC182E292590C400FF6A03 /* SettingsModel.swift */ = {isa = PBXFileReference; lastKnownFileType = sourcecode.swift; path = SettingsModel.swift; sourceTree = "<group>"; };
		D8DA418C28625A96005AFE60 /* ChatCell.swift */ = {isa = PBXFileReference; lastKnownFileType = sourcecode.swift; path = ChatCell.swift; sourceTree = "<group>"; };
		D8DD1572283E9B08006EAA9C /* DetailImageViewController.swift */ = {isa = PBXFileReference; lastKnownFileType = sourcecode.swift; path = DetailImageViewController.swift; sourceTree = "<group>"; };
		D8DD1574283FEF1C006EAA9C /* ZoomPhotoCell.swift */ = {isa = PBXFileReference; lastKnownFileType = sourcecode.swift; path = ZoomPhotoCell.swift; sourceTree = "<group>"; };
		D8DEC038282AC995000A62B8 /* FirestoreService.swift */ = {isa = PBXFileReference; lastKnownFileType = sourcecode.swift; path = FirestoreService.swift; sourceTree = "<group>"; };
		D8DEC03A282ACA3F000A62B8 /* UserModel.swift */ = {isa = PBXFileReference; lastKnownFileType = sourcecode.swift; path = UserModel.swift; sourceTree = "<group>"; };
		D8DEC03C282ACEA6000A62B8 /* UserService.swift */ = {isa = PBXFileReference; lastKnownFileType = sourcecode.swift; path = UserService.swift; sourceTree = "<group>"; };
		D8DEC040282ADEA2000A62B8 /* Completions.swift */ = {isa = PBXFileReference; lastKnownFileType = sourcecode.swift; path = Completions.swift; sourceTree = "<group>"; };
		D8E113CD2845E23400CD0B4B /* NewProjectPresenter.swift */ = {isa = PBXFileReference; lastKnownFileType = sourcecode.swift; path = NewProjectPresenter.swift; sourceTree = "<group>"; };
		D8F46A9928D5DB9F00CB6479 /* TitleHeader.swift */ = {isa = PBXFileReference; lastKnownFileType = sourcecode.swift; path = TitleHeader.swift; sourceTree = "<group>"; };
		D8F46A9B28D77F2B00CB6479 /* PortfolioExampleDetailPresenter.swift */ = {isa = PBXFileReference; lastKnownFileType = sourcecode.swift; path = PortfolioExampleDetailPresenter.swift; sourceTree = "<group>"; };
		D8F46A9D28D77F7300CB6479 /* PortfolioExampleDetailViewController.swift */ = {isa = PBXFileReference; lastKnownFileType = sourcecode.swift; path = PortfolioExampleDetailViewController.swift; sourceTree = "<group>"; };
		D8FEDA5E28BBC76A00CD9901 /* ProjectExample.swift */ = {isa = PBXFileReference; lastKnownFileType = sourcecode.swift; path = ProjectExample.swift; sourceTree = "<group>"; };
		D8FEDA6228BBCF3F00CD9901 /* PortfolioExamplesViewController.swift */ = {isa = PBXFileReference; lastKnownFileType = sourcecode.swift; path = PortfolioExamplesViewController.swift; sourceTree = "<group>"; };
		D8FEDA6528BBD16900CD9901 /* PortfolioExamplePresenter.swift */ = {isa = PBXFileReference; lastKnownFileType = sourcecode.swift; path = PortfolioExamplePresenter.swift; sourceTree = "<group>"; };
		D8FEDA6728BBD6C800CD9901 /* PortfolioExampleListCell.swift */ = {isa = PBXFileReference; lastKnownFileType = sourcecode.swift; path = PortfolioExampleListCell.swift; sourceTree = "<group>"; };
		D8FEDA6928BBDBF700CD9901 /* DataStore.swift */ = {isa = PBXFileReference; lastKnownFileType = sourcecode.swift; path = DataStore.swift; sourceTree = "<group>"; };
		D8FEDA6B28BBDE5400CD9901 /* NewExampleViewController.swift */ = {isa = PBXFileReference; lastKnownFileType = sourcecode.swift; path = NewExampleViewController.swift; sourceTree = "<group>"; };
		D8FEDA6D28BBDF7200CD9901 /* NewExamplePresenter.swift */ = {isa = PBXFileReference; lastKnownFileType = sourcecode.swift; path = NewExamplePresenter.swift; sourceTree = "<group>"; };
		D8FEDA7628C5100B00CD9901 /* NewExampleCell.swift */ = {isa = PBXFileReference; lastKnownFileType = sourcecode.swift; path = NewExampleCell.swift; sourceTree = "<group>"; };
/* End PBXFileReference section */

/* Begin PBXFrameworksBuildPhase section */
		D8262F6B281F2ADB00FA3E76 /* Frameworks */ = {
			isa = PBXFrameworksBuildPhase;
			buildActionMask = 2147483647;
			files = (
				83914B6072D7D2FED30ED495 /* Pods_Vivi.framework in Frameworks */,
			);
			runOnlyForDeploymentPostprocessing = 0;
		};
/* End PBXFrameworksBuildPhase section */

/* Begin PBXGroup section */
		8EE9DA79F1C12F6E1BE594F8 /* Pods */ = {
			isa = PBXGroup;
			children = (
				65AD19DA22EFCB7EA22119D4 /* Pods-Vivi.debug.xcconfig */,
				B48690AF950970DA87A9FD8B /* Pods-Vivi.release.xcconfig */,
			);
			path = Pods;
			sourceTree = "<group>";
		};
		9EA4A1325C3470933DD1FB25 /* Frameworks */ = {
			isa = PBXGroup;
			children = (
				7D9089F03D5FDB8614EC5901 /* Pods_Vivi.framework */,
			);
			name = Frameworks;
			sourceTree = "<group>";
		};
		D8262F65281F2ADB00FA3E76 = {
			isa = PBXGroup;
			children = (
				D8262F70281F2ADB00FA3E76 /* Vivi */,
				D8262F6F281F2ADB00FA3E76 /* Products */,
				8EE9DA79F1C12F6E1BE594F8 /* Pods */,
				9EA4A1325C3470933DD1FB25 /* Frameworks */,
			);
			sourceTree = "<group>";
		};
		D8262F6F281F2ADB00FA3E76 /* Products */ = {
			isa = PBXGroup;
			children = (
				D8262F6E281F2ADB00FA3E76 /* Vivi.app */,
			);
			name = Products;
			sourceTree = "<group>";
		};
		D8262F70281F2ADB00FA3E76 /* Vivi */ = {
			isa = PBXGroup;
			children = (
				D8CC18232925744500FF6A03 /* App */,
				D86A79E72821596A00F45D76 /* Services */,
				D8262F87281F2C1300FA3E76 /* UserInterface */,
				D8262F88281F2C5700FA3E76 /* Extensions */,
				D8262F7F281F2ADB00FA3E76 /* Info.plist */,
			);
			path = Vivi;
			sourceTree = "<group>";
		};
		D8262F87281F2C1300FA3E76 /* UserInterface */ = {
			isa = PBXGroup;
			children = (
				D8DEC03E282ADE8D000A62B8 /* Helpers */,
				D8418E862822EE3300163255 /* Models */,
				D8418E822822EC4400163255 /* Protocols */,
				D8262FB128202E5700FA3E76 /* View */,
				D8262FA928202B7B00FA3E76 /* Launch */,
				D8262F8C281F2D2C00FA3E76 /* MainTabBar */,
				D8262F8D281F2D4000FA3E76 /* Portfolio */,
				D8262F94281F303C00FA3E76 /* Chat */,
				D8262F95281F304200FA3E76 /* Profile */,
				D86A79EE282173D000F45D76 /* Auth */,
				D8418E792821A87500163255 /* Registration */,
			);
			path = UserInterface;
			sourceTree = "<group>";
		};
		D8262F88281F2C5700FA3E76 /* Extensions */ = {
			isa = PBXGroup;
			children = (
				D8262F89281F2C6500FA3E76 /* UIKit */,
				D8CC181C291D8E8900FF6A03 /* NSNotification.Name + Extension.swift */,
			);
			path = Extensions;
			sourceTree = "<group>";
		};
		D8262F89281F2C6500FA3E76 /* UIKit */ = {
			isa = PBXGroup;
			children = (
				D8262F8A281F2C7A00FA3E76 /* UIColor + Extensions.swift */,
				D8262FA22820176900FA3E76 /* UIFont + Extensions.swift */,
				D8262FA428201AE200FA3E76 /* UIViewController + Extensions.swift */,
				D8262FB428202F3900FA3E76 /* UICollectionView + Extensions.swift */,
				D8262FBD282040A000FA3E76 /* UIView + Extensions.swift */,
				D86A79E128212AA300F45D76 /* UIImageView + Extensions.swift */,
				D86A79E328212EEE00F45D76 /* UIImage + Extensions.swift */,
				D88A0CE528467CA200B02D3E /* UISegmentedControl + Extensions.swift */,
				D89F59942875F92B006876E1 /* String + Extensions.swift */,
			);
			path = UIKit;
			sourceTree = "<group>";
		};
		D8262F8C281F2D2C00FA3E76 /* MainTabBar */ = {
			isa = PBXGroup;
			children = (
				D8262F85281F2B7F00FA3E76 /* MainTabBarController.swift */,
			);
			path = MainTabBar;
			sourceTree = "<group>";
		};
		D8262F8D281F2D4000FA3E76 /* Portfolio */ = {
			isa = PBXGroup;
			children = (
				D86A79D82821128F00F45D76 /* Examples */,
				D86A79D52821126E00F45D76 /* Services */,
				D8262F91281F2D6E00FA3E76 /* Presenter */,
				D8262F90281F2D6600FA3E76 /* View */,
			);
			path = Portfolio;
			sourceTree = "<group>";
		};
		D8262F90281F2D6600FA3E76 /* View */ = {
			isa = PBXGroup;
			children = (
				D8262F8E281F2D6200FA3E76 /* PortfolioViewController.swift */,
			);
			path = View;
			sourceTree = "<group>";
		};
		D8262F91281F2D6E00FA3E76 /* Presenter */ = {
			isa = PBXGroup;
			children = (
				D8262F92281F2D8400FA3E76 /* PortfolioPresenter.swift */,
			);
			path = Presenter;
			sourceTree = "<group>";
		};
		D8262F94281F303C00FA3E76 /* Chat */ = {
			isa = PBXGroup;
			children = (
				D8262F98281F308400FA3E76 /* View */,
				D8262F99281F308400FA3E76 /* Presenter */,
			);
			path = Chat;
			sourceTree = "<group>";
		};
		D8262F95281F304200FA3E76 /* Profile */ = {
			isa = PBXGroup;
			children = (
				D86AEE83283A237A001BE89F /* Menu */,
				D8262F96281F306600FA3E76 /* View */,
				D8262F97281F306D00FA3E76 /* Presenter */,
			);
			path = Profile;
			sourceTree = "<group>";
		};
		D8262F96281F306600FA3E76 /* View */ = {
			isa = PBXGroup;
			children = (
				D850CFDC282BBB7500C41DE7 /* Cell */,
				D8B27B0D282C285300EDAD23 /* ProfileViewController.swift */,
				D8B27B0F282C38D300EDAD23 /* ProfileHeaderView.swift */,
				D86AEE7F2839393B001BE89F /* PersonalInfoView.swift */,
				D8A14944288089820012367E /* SecurityViewController.swift */,
			);
			path = View;
			sourceTree = "<group>";
		};
		D8262F97281F306D00FA3E76 /* Presenter */ = {
			isa = PBXGroup;
			children = (
				D821F8AF2832A84D00C43774 /* ProfilePresenter.swift */,
				D806903328436912007916DF /* ProfileTabConfigurator.swift */,
				D8A14946288089990012367E /* SecurityPresenter.swift */,
			);
			path = Presenter;
			sourceTree = "<group>";
		};
		D8262F98281F308400FA3E76 /* View */ = {
			isa = PBXGroup;
			children = (
				D8BEF64B2851317600B675D9 /* Cell */,
				D8262F9A281F309900FA3E76 /* ChatsListViewController.swift */,
				D8BEF6492851199C00B675D9 /* NewChatViewController.swift */,
				D8855CB22858F52900CCE65B /* ChatDetailViewController.swift */,
				D83A1ABF288EFD4F0066438B /* ConfirmImageSendingViewController.swift */,
			);
			path = View;
			sourceTree = "<group>";
		};
		D8262F99281F308400FA3E76 /* Presenter */ = {
			isa = PBXGroup;
			children = (
				D8262F9C281F30A400FA3E76 /* ChatsListPresenter.swift */,
				D8BEF6472851199000B675D9 /* NewChatPresenter.swift */,
				D8855CBA285902C400CCE65B /* ChatDetailsPresenter.swift */,
				D82C499229130AC900217887 /* ChatTabConfigurator.swift */,
			);
			path = Presenter;
			sourceTree = "<group>";
		};
		D8262FA928202B7B00FA3E76 /* Launch */ = {
			isa = PBXGroup;
			children = (
				D8262FAA28202B8600FA3E76 /* View */,
			);
			path = Launch;
			sourceTree = "<group>";
		};
		D8262FAA28202B8600FA3E76 /* View */ = {
			isa = PBXGroup;
			children = (
				D8262FAB28202B9300FA3E76 /* LaunchViewController.swift */,
			);
			path = View;
			sourceTree = "<group>";
		};
		D8262FB128202E5700FA3E76 /* View */ = {
			isa = PBXGroup;
			children = (
				D8262FB228202E8200FA3E76 /* ReusableCell.swift */,
				D86A79DD28211A3100F45D76 /* MainButton.swift */,
				D86A79F528217A0C00F45D76 /* LineTextField.swift */,
				D86A79F728217B6F00F45D76 /* TextFieldWithLabel.swift */,
				D86A79F9282180F500F45D76 /* PlainLabel.swift */,
				D86AEE7D2838EC50001BE89F /* TextFieldsStackView.swift */,
				D823977328DA17EE007BE85F /* WebViewController.swift */,
			);
			path = View;
			sourceTree = "<group>";
		};
		D8418E792821A87500163255 /* Registration */ = {
			isa = PBXGroup;
			children = (
				D8418E7D2821A8B800163255 /* Presenter */,
				D8418E7A2821A89A00163255 /* View */,
			);
			path = Registration;
			sourceTree = "<group>";
		};
		D8418E7A2821A89A00163255 /* View */ = {
			isa = PBXGroup;
			children = (
				D8418E7B2821A8B300163255 /* RegistrationViewController.swift */,
			);
			path = View;
			sourceTree = "<group>";
		};
		D8418E7D2821A8B800163255 /* Presenter */ = {
			isa = PBXGroup;
			children = (
				D8418E7E2821A8C800163255 /* RegistrationPresenter.swift */,
			);
			path = Presenter;
			sourceTree = "<group>";
		};
		D8418E822822EC4400163255 /* Protocols */ = {
			isa = PBXGroup;
			children = (
				D80690372843EFE7007916DF /* FirestoreSavable.swift */,
				D863D098284D2B8400E98E2D /* HeaderRepresentable.swift */,
			);
			path = Protocols;
			sourceTree = "<group>";
		};
		D8418E862822EE3300163255 /* Models */ = {
			isa = PBXGroup;
			children = (
				D86AEE8128393B54001BE89F /* TextFieldViewModel.swift */,
				D8418E802822EA3A00163255 /* TextFieldType.swift */,
				D8DEC03A282ACA3F000A62B8 /* UserModel.swift */,
				D80690352843ED66007916DF /* ProjectModel.swift */,
				D835AC4D284DD39F00F4CEDA /* MessageModel.swift */,
				D8855CB42858F5EE00CCE65B /* ChatModel.swift */,
				D8855CB62858FCCC00CCE65B /* SenderModel.swift */,
				D8855CB82858FFE200CCE65B /* Media.swift */,
				D8C4690528AEB96700400096 /* Link.swift */,
				D8FEDA5E28BBC76A00CD9901 /* ProjectExample.swift */,
				D823976D28D78DF0007BE85F /* FormModel.swift */,
				D8CC182E292590C400FF6A03 /* SettingsModel.swift */,
			);
			path = Models;
			sourceTree = "<group>";
		};
		D850CFDC282BBB7500C41DE7 /* Cell */ = {
			isa = PBXGroup;
			children = (
				D850CFDD282BBB9000C41DE7 /* ProfileMenuCell.swift */,
			);
			path = Cell;
			sourceTree = "<group>";
		};
		D86A79D52821126E00F45D76 /* Services */ = {
			isa = PBXGroup;
			children = (
				D86A79D62821127900F45D76 /* View */,
			);
			path = Services;
			sourceTree = "<group>";
		};
		D86A79D62821127900F45D76 /* View */ = {
			isa = PBXGroup;
			children = (
				D8262FB928203A6000FA3E76 /* ServicesView.swift */,
				D86A79D72821127F00F45D76 /* Cell */,
				D86A79DB2821130900F45D76 /* ServiceType.swift */,
				D86A79DF28211A6600F45D76 /* ServiceDetailsViewController.swift */,
			);
			path = View;
			sourceTree = "<group>";
		};
		D86A79D72821127F00F45D76 /* Cell */ = {
			isa = PBXGroup;
			children = (
				D8262FBB28203C5C00FA3E76 /* ServiceCell.swift */,
			);
			path = Cell;
			sourceTree = "<group>";
		};
		D86A79D82821128F00F45D76 /* Examples */ = {
			isa = PBXGroup;
			children = (
				D86A79D92821129900F45D76 /* View */,
				D8FEDA6428BBD15300CD9901 /* Presenter */,
			);
			path = Examples;
			sourceTree = "<group>";
		};
		D86A79D92821129900F45D76 /* View */ = {
			isa = PBXGroup;
			children = (
				D8262FAF28202E1D00FA3E76 /* PortfolioExampleView.swift */,
				D8FEDA6228BBCF3F00CD9901 /* PortfolioExamplesViewController.swift */,
				D8FEDA6B28BBDE5400CD9901 /* NewExampleViewController.swift */,
				D8F46A9D28D77F7300CB6479 /* PortfolioExampleDetailViewController.swift */,
				D8F46A9928D5DB9F00CB6479 /* TitleHeader.swift */,
				D86A79DA2821129E00F45D76 /* Cell */,
			);
			path = View;
			sourceTree = "<group>";
		};
		D86A79DA2821129E00F45D76 /* Cell */ = {
			isa = PBXGroup;
			children = (
				D8262FB72820316900FA3E76 /* PortfolioExampleCell.swift */,
				D8FEDA6728BBD6C800CD9901 /* PortfolioExampleListCell.swift */,
				D8FEDA7628C5100B00CD9901 /* NewExampleCell.swift */,
			);
			path = Cell;
			sourceTree = "<group>";
		};
		D86A79E72821596A00F45D76 /* Services */ = {
			isa = PBXGroup;
			children = (
				D86A79E82821598A00F45D76 /* StorageService.swift */,
				D86A79EC2821734000F45D76 /* AuthService.swift */,
				D8DEC038282AC995000A62B8 /* FirestoreService.swift */,
				D8DEC03C282ACEA6000A62B8 /* UserService.swift */,
				D8FEDA6928BBDBF700CD9901 /* DataStore.swift */,
				D8CC1818291C46FB00FF6A03 /* ChatService.swift */,
			);
			path = Services;
			sourceTree = "<group>";
		};
		D86A79EE282173D000F45D76 /* Auth */ = {
			isa = PBXGroup;
			children = (
				D86A79F0282173DD00F45D76 /* Presenter */,
				D86A79EF282173D600F45D76 /* View */,
			);
			path = Auth;
			sourceTree = "<group>";
		};
		D86A79EF282173D600F45D76 /* View */ = {
			isa = PBXGroup;
			children = (
				D86A79F12821740C00F45D76 /* AuthViewController.swift */,
				D8A1494228807E8A0012367E /* RestorePasswordViewController.swift */,
			);
			path = View;
			sourceTree = "<group>";
		};
		D86A79F0282173DD00F45D76 /* Presenter */ = {
			isa = PBXGroup;
			children = (
				D86A79F32821742200F45D76 /* AuthPresenter.swift */,
				D8A1494028807E390012367E /* RestorePasswordPresenter.swift */,
			);
			path = Presenter;
			sourceTree = "<group>";
		};
		D86AEE83283A237A001BE89F /* Menu */ = {
			isa = PBXGroup;
			children = (
				D86AEE85283A23B4001BE89F /* Presenter */,
				D86AEE84283A2388001BE89F /* View */,
			);
			path = Menu;
			sourceTree = "<group>";
		};
		D86AEE84283A2388001BE89F /* View */ = {
			isa = PBXGroup;
			children = (
				D86AEE8A283A299B001BE89F /* Cell */,
				D821F8B12832BE3D00C43774 /* ProfileMenuView.swift */,
				D86AEE86283A253A001BE89F /* TextMenuViewController.swift */,
				D86AEE8D283AB56C001BE89F /* DocumentsDetailViewController.swift */,
				D86AEE8F283BF06A001BE89F /* PhotoGalleryViewController.swift */,
				D8DD1572283E9B08006EAA9C /* DetailImageViewController.swift */,
				D88A0CE12846686D00B02D3E /* NewProjectViewController.swift */,
				D83FFB5C2848B7D900C270DE /* UsersViewController.swift */,
				D83FFB622849218800C270DE /* UserDetailViewController.swift */,
				D863D094284D02EA00E98E2D /* ProjectDetailViewController.swift */,
			);
			path = View;
			sourceTree = "<group>";
		};
		D86AEE85283A23B4001BE89F /* Presenter */ = {
			isa = PBXGroup;
			children = (
				D850CFE1282BCB9300C41DE7 /* ProfileMenuType.swift */,
				D86AEE88283A2544001BE89F /* TextMenuPresenter.swift */,
				D86AEE91283BF07E001BE89F /* PhotoGalleryPresenter.swift */,
				D823976B28D78B71007BE85F /* FormPresenter.swift */,
				D8E113CD2845E23400CD0B4B /* NewProjectPresenter.swift */,
				D88A0CE32846703500B02D3E /* ProjectsPresenter.swift */,
				D83FFB5E2848B81B00C270DE /* UsersPresenter.swift */,
				D83FFB642849270B00C270DE /* UserDetailPresenter.swift */,
				D863D096284D02F700E98E2D /* ProjectDetailPresenter.swift */,
			);
			path = Presenter;
			sourceTree = "<group>";
		};
		D86AEE8A283A299B001BE89F /* Cell */ = {
			isa = PBXGroup;
			children = (
				D86AEE8B283A29AF001BE89F /* TextMenuCell.swift */,
				D86AEE93283BFAA7001BE89F /* PhotoGalleryCell.swift */,
				D8DD1574283FEF1C006EAA9C /* ZoomPhotoCell.swift */,
				D83FFB602848BB2700C270DE /* UserCell.swift */,
			);
			path = Cell;
			sourceTree = "<group>";
		};
		D89F598F2875EF5A006876E1 /* Validators */ = {
			isa = PBXGroup;
			children = (
				D89F59902875EF6B006876E1 /* TextFieldValidator.swift */,
				D89F59922875F13B006876E1 /* ValidationError.swift */,
			);
			path = Validators;
			sourceTree = "<group>";
		};
		D8BEF64B2851317600B675D9 /* Cell */ = {
			isa = PBXGroup;
			children = (
				D8BEF64C2851318800B675D9 /* ProjectCell.swift */,
				D8DA418C28625A96005AFE60 /* ChatCell.swift */,
			);
			path = Cell;
			sourceTree = "<group>";
		};
		D8CC18232925744500FF6A03 /* App */ = {
			isa = PBXGroup;
			children = (
				D8CC18272925745300FF6A03 /* AppDelegate.swift */,
				D8CC18252925745200FF6A03 /* GoogleService-Info.plist */,
				D8262FA728201F2A00FA3E76 /* R.generated.swift */,
				D8262F7A281F2ADB00FA3E76 /* Assets.xcassets */,
				D850CFDF282BC8F500C41DE7 /* ApplicationPresenter.swift */,
				D8262FAD28202D1D00FA3E76 /* LaunchScreen.storyboard */,
				D8CC18242925745200FF6A03 /* SceneDelegate.swift */,
				D8BE31C9292AC65200ED4DF4 /* Constants.swift */,
			);
			path = App;
			sourceTree = "<group>";
		};
		D8DEC03E282ADE8D000A62B8 /* Helpers */ = {
			isa = PBXGroup;
			children = (
				D89F598F2875EF5A006876E1 /* Validators */,
				D8DEC040282ADEA2000A62B8 /* Completions.swift */,
				D82C49902913061100217887 /* TabConfigurator.swift */,
				D8CC181A291C59D900FF6A03 /* Errors.swift */,
			);
			path = Helpers;
			sourceTree = "<group>";
		};
		D8FEDA6428BBD15300CD9901 /* Presenter */ = {
			isa = PBXGroup;
			children = (
				D8FEDA6528BBD16900CD9901 /* PortfolioExamplePresenter.swift */,
				D8FEDA6D28BBDF7200CD9901 /* NewExamplePresenter.swift */,
				D8F46A9B28D77F2B00CB6479 /* PortfolioExampleDetailPresenter.swift */,
			);
			path = Presenter;
			sourceTree = "<group>";
		};
/* End PBXGroup section */

/* Begin PBXNativeTarget section */
		D8262F6D281F2ADB00FA3E76 /* Vivi */ = {
			isa = PBXNativeTarget;
			buildConfigurationList = D8262F82281F2ADB00FA3E76 /* Build configuration list for PBXNativeTarget "Vivi" */;
			buildPhases = (
				8E1C7C4A8CC0C58B109E4FD8 /* [CP] Check Pods Manifest.lock */,
				D8262FA628201DFD00FA3E76 /* Run Script */,
				D8262F6A281F2ADB00FA3E76 /* Sources */,
				D8262F6B281F2ADB00FA3E76 /* Frameworks */,
				D8262F6C281F2ADB00FA3E76 /* Resources */,
				33AF4BB4ABB14AD50223198D /* [CP] Embed Pods Frameworks */,
			);
			buildRules = (
			);
			dependencies = (
			);
			name = Vivi;
			productName = Vivi;
			productReference = D8262F6E281F2ADB00FA3E76 /* Vivi.app */;
			productType = "com.apple.product-type.application";
		};
/* End PBXNativeTarget section */

/* Begin PBXProject section */
		D8262F66281F2ADB00FA3E76 /* Project object */ = {
			isa = PBXProject;
			attributes = {
				BuildIndependentTargetsInParallel = 1;
				LastSwiftUpdateCheck = 1330;
				LastUpgradeCheck = 1330;
				TargetAttributes = {
					D8262F6D281F2ADB00FA3E76 = {
						CreatedOnToolsVersion = 13.3;
					};
				};
			};
			buildConfigurationList = D8262F69281F2ADB00FA3E76 /* Build configuration list for PBXProject "Vivi" */;
			compatibilityVersion = "Xcode 13.0";
			developmentRegion = en;
			hasScannedForEncodings = 0;
			knownRegions = (
				en,
				Base,
			);
			mainGroup = D8262F65281F2ADB00FA3E76;
			productRefGroup = D8262F6F281F2ADB00FA3E76 /* Products */;
			projectDirPath = "";
			projectRoot = "";
			targets = (
				D8262F6D281F2ADB00FA3E76 /* Vivi */,
			);
		};
/* End PBXProject section */

/* Begin PBXResourcesBuildPhase section */
		D8262F6C281F2ADB00FA3E76 /* Resources */ = {
			isa = PBXResourcesBuildPhase;
			buildActionMask = 2147483647;
			files = (
				D8262F7B281F2ADB00FA3E76 /* Assets.xcassets in Resources */,
				D8CC182A2925745400FF6A03 /* GoogleService-Info.plist in Resources */,
				D8262FAE28202D1D00FA3E76 /* LaunchScreen.storyboard in Resources */,
			);
			runOnlyForDeploymentPostprocessing = 0;
		};
/* End PBXResourcesBuildPhase section */

/* Begin PBXShellScriptBuildPhase section */
		33AF4BB4ABB14AD50223198D /* [CP] Embed Pods Frameworks */ = {
			isa = PBXShellScriptBuildPhase;
			buildActionMask = 2147483647;
			files = (
			);
			inputFileListPaths = (
				"${PODS_ROOT}/Target Support Files/Pods-Vivi/Pods-Vivi-frameworks-${CONFIGURATION}-input-files.xcfilelist",
			);
			name = "[CP] Embed Pods Frameworks";
			outputFileListPaths = (
				"${PODS_ROOT}/Target Support Files/Pods-Vivi/Pods-Vivi-frameworks-${CONFIGURATION}-output-files.xcfilelist",
			);
			runOnlyForDeploymentPostprocessing = 0;
			shellPath = /bin/sh;
			shellScript = "\"${PODS_ROOT}/Target Support Files/Pods-Vivi/Pods-Vivi-frameworks.sh\"\n";
			showEnvVarsInLog = 0;
		};
		8E1C7C4A8CC0C58B109E4FD8 /* [CP] Check Pods Manifest.lock */ = {
			isa = PBXShellScriptBuildPhase;
			buildActionMask = 2147483647;
			files = (
			);
			inputFileListPaths = (
			);
			inputPaths = (
				"${PODS_PODFILE_DIR_PATH}/Podfile.lock",
				"${PODS_ROOT}/Manifest.lock",
			);
			name = "[CP] Check Pods Manifest.lock";
			outputFileListPaths = (
			);
			outputPaths = (
				"$(DERIVED_FILE_DIR)/Pods-Vivi-checkManifestLockResult.txt",
			);
			runOnlyForDeploymentPostprocessing = 0;
			shellPath = /bin/sh;
			shellScript = "diff \"${PODS_PODFILE_DIR_PATH}/Podfile.lock\" \"${PODS_ROOT}/Manifest.lock\" > /dev/null\nif [ $? != 0 ] ; then\n    # print error to STDERR\n    echo \"error: The sandbox is not in sync with the Podfile.lock. Run 'pod install' or update your CocoaPods installation.\" >&2\n    exit 1\nfi\n# This output is used by Xcode 'outputs' to avoid re-running this script phase.\necho \"SUCCESS\" > \"${SCRIPT_OUTPUT_FILE_0}\"\n";
			showEnvVarsInLog = 0;
		};
		D8262FA628201DFD00FA3E76 /* Run Script */ = {
			isa = PBXShellScriptBuildPhase;
			alwaysOutOfDate = 1;
			buildActionMask = 2147483647;
			files = (
			);
			inputFileListPaths = (
			);
			inputPaths = (
			);
			name = "Run Script";
			outputFileListPaths = (
			);
			outputPaths = (
				$SRCROOT/R.generated.swift,
			);
			runOnlyForDeploymentPostprocessing = 0;
			shellPath = /bin/sh;
			shellScript = "\"$PODS_ROOT/R.swift/rswift\" generate \"$SRCROOT/R.generated.swift\"\n";
		};
/* End PBXShellScriptBuildPhase section */

/* Begin PBXSourcesBuildPhase section */
		D8262F6A281F2ADB00FA3E76 /* Sources */ = {
			isa = PBXSourcesBuildPhase;
			buildActionMask = 2147483647;
			files = (
				D86A79F42821742200F45D76 /* AuthPresenter.swift in Sources */,
				D8BEF6482851199000B675D9 /* NewChatPresenter.swift in Sources */,
				D8418E7F2821A8C800163255 /* RegistrationPresenter.swift in Sources */,
				D8BEF64A2851199C00B675D9 /* NewChatViewController.swift in Sources */,
				D8A1494328807E8A0012367E /* RestorePasswordViewController.swift in Sources */,
				D83FFB612848BB2700C270DE /* UserCell.swift in Sources */,
				D850CFE0282BC8F500C41DE7 /* ApplicationPresenter.swift in Sources */,
				D80690362843ED66007916DF /* ProjectModel.swift in Sources */,
				D86AEE7E2838EC50001BE89F /* TextFieldsStackView.swift in Sources */,
				D8CC182F292590C400FF6A03 /* SettingsModel.swift in Sources */,
				D83FFB632849218800C270DE /* UserDetailViewController.swift in Sources */,
				D8F46A9A28D5DB9F00CB6479 /* TitleHeader.swift in Sources */,
				D8FEDA6328BBCF3F00CD9901 /* PortfolioExamplesViewController.swift in Sources */,
				D80690382843EFE7007916DF /* FirestoreSavable.swift in Sources */,
				D83FFB652849270B00C270DE /* UserDetailPresenter.swift in Sources */,
				D8262F93281F2D8400FA3E76 /* PortfolioPresenter.swift in Sources */,
				D821F8B22832BE3D00C43774 /* ProfileMenuView.swift in Sources */,
				D8A1494128807E390012367E /* RestorePasswordPresenter.swift in Sources */,
				D83A1AC0288EFD4F0066438B /* ConfirmImageSendingViewController.swift in Sources */,
				D88A0CE22846686D00B02D3E /* NewProjectViewController.swift in Sources */,
				D86AEE8228393B54001BE89F /* TextFieldViewModel.swift in Sources */,
				D8418E7C2821A8B300163255 /* RegistrationViewController.swift in Sources */,
				D8262FB328202E8200FA3E76 /* ReusableCell.swift in Sources */,
				D823976E28D78DF0007BE85F /* FormModel.swift in Sources */,
				D8262F8F281F2D6200FA3E76 /* PortfolioViewController.swift in Sources */,
				D8B27B0E282C285300EDAD23 /* ProfileViewController.swift in Sources */,
				D86AEE802839393B001BE89F /* PersonalInfoView.swift in Sources */,
				D86A79DE28211A3100F45D76 /* MainButton.swift in Sources */,
				D8F46A9C28D77F2B00CB6479 /* PortfolioExampleDetailPresenter.swift in Sources */,
				D821F8B02832A84D00C43774 /* ProfilePresenter.swift in Sources */,
				D8B27B10282C38D300EDAD23 /* ProfileHeaderView.swift in Sources */,
				D8855CB52858F5EE00CCE65B /* ChatModel.swift in Sources */,
				D8262F9B281F309900FA3E76 /* ChatsListViewController.swift in Sources */,
				D8FEDA6828BBD6C800CD9901 /* PortfolioExampleListCell.swift in Sources */,
				D8855CB92858FFE200CCE65B /* Media.swift in Sources */,
				D86AEE89283A2544001BE89F /* TextMenuPresenter.swift in Sources */,
				D8DA418D28625A96005AFE60 /* ChatCell.swift in Sources */,
				D863D097284D02F700E98E2D /* ProjectDetailPresenter.swift in Sources */,
				D823976C28D78B71007BE85F /* FormPresenter.swift in Sources */,
				D8BE31CA292AC65200ED4DF4 /* Constants.swift in Sources */,
				D88A0CE628467CA200B02D3E /* UISegmentedControl + Extensions.swift in Sources */,
				D8C4690628AEB96700400096 /* Link.swift in Sources */,
				D8CC1819291C46FB00FF6A03 /* ChatService.swift in Sources */,
				D8855CB32858F52900CCE65B /* ChatDetailViewController.swift in Sources */,
				D850CFDE282BBB9000C41DE7 /* ProfileMenuCell.swift in Sources */,
				D8262F8B281F2C7A00FA3E76 /* UIColor + Extensions.swift in Sources */,
				D8CC181B291C59DA00FF6A03 /* Errors.swift in Sources */,
				D83FFB5D2848B7D900C270DE /* UsersViewController.swift in Sources */,
				D8FEDA5F28BBC76A00CD9901 /* ProjectExample.swift in Sources */,
				D89F59952875F92B006876E1 /* String + Extensions.swift in Sources */,
				D82C499329130AC900217887 /* ChatTabConfigurator.swift in Sources */,
				D8FEDA6C28BBDE5400CD9901 /* NewExampleViewController.swift in Sources */,
				D82C49912913061100217887 /* TabConfigurator.swift in Sources */,
				D86A79E92821598A00F45D76 /* StorageService.swift in Sources */,
				D8262FAC28202B9300FA3E76 /* LaunchViewController.swift in Sources */,
				D86A79DC2821130900F45D76 /* ServiceType.swift in Sources */,
				D86A79ED2821734000F45D76 /* AuthService.swift in Sources */,
				D86AEE87283A253A001BE89F /* TextMenuViewController.swift in Sources */,
				D8DEC039282AC995000A62B8 /* FirestoreService.swift in Sources */,
				D8262FBE282040A000FA3E76 /* UIView + Extensions.swift in Sources */,
				D8262FA32820176900FA3E76 /* UIFont + Extensions.swift in Sources */,
				D8262FA828201F2A00FA3E76 /* R.generated.swift in Sources */,
				D8F46A9E28D77F7300CB6479 /* PortfolioExampleDetailViewController.swift in Sources */,
				D8262FB028202E1D00FA3E76 /* PortfolioExampleView.swift in Sources */,
				D8E113CE2845E23400CD0B4B /* NewProjectPresenter.swift in Sources */,
				D86AEE8E283AB56C001BE89F /* DocumentsDetailViewController.swift in Sources */,
				D8FEDA6628BBD16900CD9901 /* PortfolioExamplePresenter.swift in Sources */,
				D8262FBA28203A6000FA3E76 /* ServicesView.swift in Sources */,
				D8BEF64D2851318800B675D9 /* ProjectCell.swift in Sources */,
				D8DD1575283FEF1C006EAA9C /* ZoomPhotoCell.swift in Sources */,
				D89F59932875F13B006876E1 /* ValidationError.swift in Sources */,
				D8262F9D281F30A400FA3E76 /* ChatsListPresenter.swift in Sources */,
				D86AEE94283BFAA7001BE89F /* PhotoGalleryCell.swift in Sources */,
				D8A14945288089820012367E /* SecurityViewController.swift in Sources */,
				D850CFE2282BCB9300C41DE7 /* ProfileMenuType.swift in Sources */,
				D8CC18292925745400FF6A03 /* SceneDelegate.swift in Sources */,
				D8A14947288089990012367E /* SecurityPresenter.swift in Sources */,
				D8262FB82820316900FA3E76 /* PortfolioExampleCell.swift in Sources */,
				D8FEDA7728C5100B00CD9901 /* NewExampleCell.swift in Sources */,
				D86A79F22821740C00F45D76 /* AuthViewController.swift in Sources */,
				D86A79E428212EEE00F45D76 /* UIImage + Extensions.swift in Sources */,
				D86AEE92283BF07E001BE89F /* PhotoGalleryPresenter.swift in Sources */,
				D863D095284D02EA00E98E2D /* ProjectDetailViewController.swift in Sources */,
				D863D099284D2B8400E98E2D /* HeaderRepresentable.swift in Sources */,
				D8262FA528201AE200FA3E76 /* UIViewController + Extensions.swift in Sources */,
				D8FEDA6A28BBDBF700CD9901 /* DataStore.swift in Sources */,
				D8FEDA6E28BBDF7200CD9901 /* NewExamplePresenter.swift in Sources */,
				D8262FBC28203C5C00FA3E76 /* ServiceCell.swift in Sources */,
				D86A79E228212AA300F45D76 /* UIImageView + Extensions.swift in Sources */,
				D8855CBB285902C400CCE65B /* ChatDetailsPresenter.swift in Sources */,
				D8CC182C2925745400FF6A03 /* AppDelegate.swift in Sources */,
				D8855CB72858FCCC00CCE65B /* SenderModel.swift in Sources */,
				D8CC181D291D8E8900FF6A03 /* NSNotification.Name + Extension.swift in Sources */,
				D83FFB5F2848B81B00C270DE /* UsersPresenter.swift in Sources */,
				D8DEC041282ADEA2000A62B8 /* Completions.swift in Sources */,
				D823977428DA17EE007BE85F /* WebViewController.swift in Sources */,
				D8DD1573283E9B08006EAA9C /* DetailImageViewController.swift in Sources */,
				D8DEC03B282ACA3F000A62B8 /* UserModel.swift in Sources */,
				D89F59912875EF6B006876E1 /* TextFieldValidator.swift in Sources */,
				D88A0CE42846703500B02D3E /* ProjectsPresenter.swift in Sources */,
				D806903428436912007916DF /* ProfileTabConfigurator.swift in Sources */,
				D86AEE8C283A29AF001BE89F /* TextMenuCell.swift in Sources */,
				D8262F86281F2B7F00FA3E76 /* MainTabBarController.swift in Sources */,
				D86A79FA282180F500F45D76 /* PlainLabel.swift in Sources */,
				D86A79F828217B6F00F45D76 /* TextFieldWithLabel.swift in Sources */,
				D8262FB528202F3900FA3E76 /* UICollectionView + Extensions.swift in Sources */,
				D8DEC03D282ACEA6000A62B8 /* UserService.swift in Sources */,
				D835AC4E284DD39F00F4CEDA /* MessageModel.swift in Sources */,
				D8418E812822EA3A00163255 /* TextFieldType.swift in Sources */,
				D86A79E028211A6600F45D76 /* ServiceDetailsViewController.swift in Sources */,
				D86AEE90283BF06A001BE89F /* PhotoGalleryViewController.swift in Sources */,
				D86A79F628217A0C00F45D76 /* LineTextField.swift in Sources */,
			);
			runOnlyForDeploymentPostprocessing = 0;
		};
/* End PBXSourcesBuildPhase section */

/* Begin XCBuildConfiguration section */
		D8262F80281F2ADB00FA3E76 /* Debug */ = {
			isa = XCBuildConfiguration;
			buildSettings = {
				ALWAYS_SEARCH_USER_PATHS = NO;
				CLANG_ANALYZER_NONNULL = YES;
				CLANG_ANALYZER_NUMBER_OBJECT_CONVERSION = YES_AGGRESSIVE;
				CLANG_CXX_LANGUAGE_STANDARD = "gnu++17";
				CLANG_ENABLE_MODULES = YES;
				CLANG_ENABLE_OBJC_ARC = YES;
				CLANG_ENABLE_OBJC_WEAK = YES;
				CLANG_WARN_BLOCK_CAPTURE_AUTORELEASING = YES;
				CLANG_WARN_BOOL_CONVERSION = YES;
				CLANG_WARN_COMMA = YES;
				CLANG_WARN_CONSTANT_CONVERSION = YES;
				CLANG_WARN_DEPRECATED_OBJC_IMPLEMENTATIONS = YES;
				CLANG_WARN_DIRECT_OBJC_ISA_USAGE = YES_ERROR;
				CLANG_WARN_DOCUMENTATION_COMMENTS = YES;
				CLANG_WARN_EMPTY_BODY = YES;
				CLANG_WARN_ENUM_CONVERSION = YES;
				CLANG_WARN_INFINITE_RECURSION = YES;
				CLANG_WARN_INT_CONVERSION = YES;
				CLANG_WARN_NON_LITERAL_NULL_CONVERSION = YES;
				CLANG_WARN_OBJC_IMPLICIT_RETAIN_SELF = YES;
				CLANG_WARN_OBJC_LITERAL_CONVERSION = YES;
				CLANG_WARN_OBJC_ROOT_CLASS = YES_ERROR;
				CLANG_WARN_QUOTED_INCLUDE_IN_FRAMEWORK_HEADER = YES;
				CLANG_WARN_RANGE_LOOP_ANALYSIS = YES;
				CLANG_WARN_STRICT_PROTOTYPES = YES;
				CLANG_WARN_SUSPICIOUS_MOVE = YES;
				CLANG_WARN_UNGUARDED_AVAILABILITY = YES_AGGRESSIVE;
				CLANG_WARN_UNREACHABLE_CODE = YES;
				CLANG_WARN__DUPLICATE_METHOD_MATCH = YES;
				COPY_PHASE_STRIP = NO;
				DEBUG_INFORMATION_FORMAT = dwarf;
				ENABLE_STRICT_OBJC_MSGSEND = YES;
				ENABLE_TESTABILITY = YES;
				GCC_C_LANGUAGE_STANDARD = gnu11;
				GCC_DYNAMIC_NO_PIC = NO;
				GCC_NO_COMMON_BLOCKS = YES;
				GCC_OPTIMIZATION_LEVEL = 0;
				GCC_PREPROCESSOR_DEFINITIONS = (
					"DEBUG=1",
					"$(inherited)",
				);
				GCC_WARN_64_TO_32_BIT_CONVERSION = YES;
				GCC_WARN_ABOUT_RETURN_TYPE = YES_ERROR;
				GCC_WARN_UNDECLARED_SELECTOR = YES;
				GCC_WARN_UNINITIALIZED_AUTOS = YES_AGGRESSIVE;
				GCC_WARN_UNUSED_FUNCTION = YES;
				GCC_WARN_UNUSED_VARIABLE = YES;
				IPHONEOS_DEPLOYMENT_TARGET = 14.0;
				MTL_ENABLE_DEBUG_INFO = INCLUDE_SOURCE;
				MTL_FAST_MATH = YES;
				ONLY_ACTIVE_ARCH = YES;
				SDKROOT = iphoneos;
				SWIFT_ACTIVE_COMPILATION_CONDITIONS = DEBUG;
				SWIFT_OPTIMIZATION_LEVEL = "-Onone";
			};
			name = Debug;
		};
		D8262F81281F2ADB00FA3E76 /* Release */ = {
			isa = XCBuildConfiguration;
			buildSettings = {
				ALWAYS_SEARCH_USER_PATHS = NO;
				CLANG_ANALYZER_NONNULL = YES;
				CLANG_ANALYZER_NUMBER_OBJECT_CONVERSION = YES_AGGRESSIVE;
				CLANG_CXX_LANGUAGE_STANDARD = "gnu++17";
				CLANG_ENABLE_MODULES = YES;
				CLANG_ENABLE_OBJC_ARC = YES;
				CLANG_ENABLE_OBJC_WEAK = YES;
				CLANG_WARN_BLOCK_CAPTURE_AUTORELEASING = YES;
				CLANG_WARN_BOOL_CONVERSION = YES;
				CLANG_WARN_COMMA = YES;
				CLANG_WARN_CONSTANT_CONVERSION = YES;
				CLANG_WARN_DEPRECATED_OBJC_IMPLEMENTATIONS = YES;
				CLANG_WARN_DIRECT_OBJC_ISA_USAGE = YES_ERROR;
				CLANG_WARN_DOCUMENTATION_COMMENTS = YES;
				CLANG_WARN_EMPTY_BODY = YES;
				CLANG_WARN_ENUM_CONVERSION = YES;
				CLANG_WARN_INFINITE_RECURSION = YES;
				CLANG_WARN_INT_CONVERSION = YES;
				CLANG_WARN_NON_LITERAL_NULL_CONVERSION = YES;
				CLANG_WARN_OBJC_IMPLICIT_RETAIN_SELF = YES;
				CLANG_WARN_OBJC_LITERAL_CONVERSION = YES;
				CLANG_WARN_OBJC_ROOT_CLASS = YES_ERROR;
				CLANG_WARN_QUOTED_INCLUDE_IN_FRAMEWORK_HEADER = YES;
				CLANG_WARN_RANGE_LOOP_ANALYSIS = YES;
				CLANG_WARN_STRICT_PROTOTYPES = YES;
				CLANG_WARN_SUSPICIOUS_MOVE = YES;
				CLANG_WARN_UNGUARDED_AVAILABILITY = YES_AGGRESSIVE;
				CLANG_WARN_UNREACHABLE_CODE = YES;
				CLANG_WARN__DUPLICATE_METHOD_MATCH = YES;
				COPY_PHASE_STRIP = NO;
				DEBUG_INFORMATION_FORMAT = "dwarf-with-dsym";
				ENABLE_NS_ASSERTIONS = NO;
				ENABLE_STRICT_OBJC_MSGSEND = YES;
				GCC_C_LANGUAGE_STANDARD = gnu11;
				GCC_NO_COMMON_BLOCKS = YES;
				GCC_WARN_64_TO_32_BIT_CONVERSION = YES;
				GCC_WARN_ABOUT_RETURN_TYPE = YES_ERROR;
				GCC_WARN_UNDECLARED_SELECTOR = YES;
				GCC_WARN_UNINITIALIZED_AUTOS = YES_AGGRESSIVE;
				GCC_WARN_UNUSED_FUNCTION = YES;
				GCC_WARN_UNUSED_VARIABLE = YES;
				IPHONEOS_DEPLOYMENT_TARGET = 14.0;
				MTL_ENABLE_DEBUG_INFO = NO;
				MTL_FAST_MATH = YES;
				SDKROOT = iphoneos;
				SWIFT_COMPILATION_MODE = wholemodule;
				SWIFT_OPTIMIZATION_LEVEL = "-O";
				VALIDATE_PRODUCT = YES;
			};
			name = Release;
		};
		D8262F83281F2ADB00FA3E76 /* Debug */ = {
			isa = XCBuildConfiguration;
			baseConfigurationReference = 65AD19DA22EFCB7EA22119D4 /* Pods-Vivi.debug.xcconfig */;
			buildSettings = {
				ASSETCATALOG_COMPILER_APPICON_NAME = AppIcon;
				ASSETCATALOG_COMPILER_GLOBAL_ACCENT_COLOR_NAME = AccentColor;
				CODE_SIGN_IDENTITY = "Apple Development";
				"CODE_SIGN_IDENTITY[sdk=iphoneos*]" = "iPhone Developer";
				CODE_SIGN_STYLE = Manual;
				CURRENT_PROJECT_VERSION = 1;
				DEVELOPMENT_TEAM = "";
				"DEVELOPMENT_TEAM[sdk=iphoneos*]" = 5W42QS55ZL;
				GENERATE_INFOPLIST_FILE = YES;
				INFOPLIST_FILE = Vivi/Info.plist;
				INFOPLIST_KEY_CFBundleDisplayName = "Vivi Studio";
				INFOPLIST_KEY_LSSupportsOpeningDocumentsInPlace = YES;
				INFOPLIST_KEY_NSPhotoLibraryAddUsageDescription = "";
				INFOPLIST_KEY_UIApplicationSupportsIndirectInputEvents = YES;
				INFOPLIST_KEY_UILaunchStoryboardName = LaunchScreen;
				INFOPLIST_KEY_UIStatusBarHidden = NO;
				INFOPLIST_KEY_UIStatusBarStyle = UIStatusBarStyleDarkContent;
				INFOPLIST_KEY_UISupportedInterfaceOrientations = UIInterfaceOrientationPortrait;
				INFOPLIST_KEY_UISupportedInterfaceOrientations_iPad = "UIInterfaceOrientationPortrait UIInterfaceOrientationPortraitUpsideDown UIInterfaceOrientationLandscapeLeft UIInterfaceOrientationLandscapeRight";
				INFOPLIST_KEY_UISupportedInterfaceOrientations_iPhone = "UIInterfaceOrientationPortrait UIInterfaceOrientationLandscapeLeft UIInterfaceOrientationLandscapeRight";
				LD_RUNPATH_SEARCH_PATHS = (
					"$(inherited)",
					"@executable_path/Frameworks",
				);
				MARKETING_VERSION = 0.1;
				PRODUCT_BUNDLE_IDENTIFIER = dev.dudkin.Vivi;
				PRODUCT_NAME = "$(TARGET_NAME)";
				PROVISIONING_PROFILE_SPECIFIER = "";
				"PROVISIONING_PROFILE_SPECIFIER[sdk=iphoneos*]" = "vivi-dev";
				SWIFT_EMIT_LOC_STRINGS = YES;
				SWIFT_VERSION = 5.0;
				TARGETED_DEVICE_FAMILY = 1;
			};
			name = Debug;
		};
		D8262F84281F2ADB00FA3E76 /* Release */ = {
			isa = XCBuildConfiguration;
			baseConfigurationReference = B48690AF950970DA87A9FD8B /* Pods-Vivi.release.xcconfig */;
			buildSettings = {
				ASSETCATALOG_COMPILER_APPICON_NAME = AppIcon;
				ASSETCATALOG_COMPILER_GLOBAL_ACCENT_COLOR_NAME = AccentColor;
				CODE_SIGN_IDENTITY = "Apple Development";
				"CODE_SIGN_IDENTITY[sdk=iphoneos*]" = "iPhone Developer";
				CODE_SIGN_STYLE = Manual;
				CURRENT_PROJECT_VERSION = 1;
				DEVELOPMENT_TEAM = "";
				"DEVELOPMENT_TEAM[sdk=iphoneos*]" = 5W42QS55ZL;
				GENERATE_INFOPLIST_FILE = YES;
				INFOPLIST_FILE = Vivi/Info.plist;
				INFOPLIST_KEY_CFBundleDisplayName = "Vivi Studio";
				INFOPLIST_KEY_LSSupportsOpeningDocumentsInPlace = YES;
				INFOPLIST_KEY_NSPhotoLibraryAddUsageDescription = "";
				INFOPLIST_KEY_UIApplicationSupportsIndirectInputEvents = YES;
				INFOPLIST_KEY_UILaunchStoryboardName = LaunchScreen;
				INFOPLIST_KEY_UIStatusBarHidden = NO;
				INFOPLIST_KEY_UIStatusBarStyle = UIStatusBarStyleDarkContent;
				INFOPLIST_KEY_UISupportedInterfaceOrientations = UIInterfaceOrientationPortrait;
				INFOPLIST_KEY_UISupportedInterfaceOrientations_iPad = "UIInterfaceOrientationPortrait UIInterfaceOrientationPortraitUpsideDown UIInterfaceOrientationLandscapeLeft UIInterfaceOrientationLandscapeRight";
				INFOPLIST_KEY_UISupportedInterfaceOrientations_iPhone = "UIInterfaceOrientationPortrait UIInterfaceOrientationLandscapeLeft UIInterfaceOrientationLandscapeRight";
				LD_RUNPATH_SEARCH_PATHS = (
					"$(inherited)",
					"@executable_path/Frameworks",
				);
				MARKETING_VERSION = 0.1;
				PRODUCT_BUNDLE_IDENTIFIER = dev.dudkin.Vivi;
				PRODUCT_NAME = "$(TARGET_NAME)";
				PROVISIONING_PROFILE_SPECIFIER = "";
				"PROVISIONING_PROFILE_SPECIFIER[sdk=iphoneos*]" = "vivi-dev";
				SWIFT_EMIT_LOC_STRINGS = YES;
				SWIFT_VERSION = 5.0;
				TARGETED_DEVICE_FAMILY = 1;
			};
			name = Release;
		};
/* End XCBuildConfiguration section */

/* Begin XCConfigurationList section */
		D8262F69281F2ADB00FA3E76 /* Build configuration list for PBXProject "Vivi" */ = {
			isa = XCConfigurationList;
			buildConfigurations = (
				D8262F80281F2ADB00FA3E76 /* Debug */,
				D8262F81281F2ADB00FA3E76 /* Release */,
			);
			defaultConfigurationIsVisible = 0;
			defaultConfigurationName = Release;
		};
		D8262F82281F2ADB00FA3E76 /* Build configuration list for PBXNativeTarget "Vivi" */ = {
			isa = XCConfigurationList;
			buildConfigurations = (
				D8262F83281F2ADB00FA3E76 /* Debug */,
				D8262F84281F2ADB00FA3E76 /* Release */,
			);
			defaultConfigurationIsVisible = 0;
			defaultConfigurationName = Release;
		};
/* End XCConfigurationList section */
	};
	rootObject = D8262F66281F2ADB00FA3E76 /* Project object */;
}
